// !$*UTF8*$!
{
	archiveVersion = 1;
	classes = {
	};
	objectVersion = 42;
	objects = {

/* Begin PBXBuildFile section */
		E44667680F5B3E04005D0BF0 /* ofxOscBundle.cpp in Sources */ = {isa = PBXBuildFile; fileRef = E44666B80F5B3E04005D0BF0 /* ofxOscBundle.cpp */; };
		E44667690F5B3E04005D0BF0 /* ofxOscMessage.cpp in Sources */ = {isa = PBXBuildFile; fileRef = E44666BA0F5B3E04005D0BF0 /* ofxOscMessage.cpp */; };
		E446676A0F5B3E04005D0BF0 /* ofxOscReceiver.cpp in Sources */ = {isa = PBXBuildFile; fileRef = E44666BC0F5B3E04005D0BF0 /* ofxOscReceiver.cpp */; };
		E446676B0F5B3E04005D0BF0 /* ofxOscSender.cpp in Sources */ = {isa = PBXBuildFile; fileRef = E44666BE0F5B3E04005D0BF0 /* ofxOscSender.cpp */; };
		E45BE0AA0E8CC67C009D7055 /* GLee.a in Frameworks */ = {isa = PBXBuildFile; fileRef = E45BE0A90E8CC67C009D7055 /* GLee.a */; };
		E45BE2E40E8CC69C009D7055 /* rtAudio.a in Frameworks */ = {isa = PBXBuildFile; fileRef = E45BE2E30E8CC69C009D7055 /* rtAudio.a */; };
		E45BE97B0E8CC7DD009D7055 /* AGL.framework in Frameworks */ = {isa = PBXBuildFile; fileRef = E45BE9710E8CC7DD009D7055 /* AGL.framework */; };
		E45BE97C0E8CC7DD009D7055 /* ApplicationServices.framework in Frameworks */ = {isa = PBXBuildFile; fileRef = E45BE9720E8CC7DD009D7055 /* ApplicationServices.framework */; };
		E45BE97D0E8CC7DD009D7055 /* AudioToolbox.framework in Frameworks */ = {isa = PBXBuildFile; fileRef = E45BE9730E8CC7DD009D7055 /* AudioToolbox.framework */; };
		E45BE97E0E8CC7DD009D7055 /* Carbon.framework in Frameworks */ = {isa = PBXBuildFile; fileRef = E45BE9740E8CC7DD009D7055 /* Carbon.framework */; };
		E45BE97F0E8CC7DD009D7055 /* CoreAudio.framework in Frameworks */ = {isa = PBXBuildFile; fileRef = E45BE9750E8CC7DD009D7055 /* CoreAudio.framework */; };
		E45BE9800E8CC7DD009D7055 /* CoreFoundation.framework in Frameworks */ = {isa = PBXBuildFile; fileRef = E45BE9760E8CC7DD009D7055 /* CoreFoundation.framework */; };
		E45BE9810E8CC7DD009D7055 /* CoreServices.framework in Frameworks */ = {isa = PBXBuildFile; fileRef = E45BE9770E8CC7DD009D7055 /* CoreServices.framework */; };
		E45BE9830E8CC7DD009D7055 /* OpenGL.framework in Frameworks */ = {isa = PBXBuildFile; fileRef = E45BE9790E8CC7DD009D7055 /* OpenGL.framework */; };
		E45BE9840E8CC7DD009D7055 /* QuickTime.framework in Frameworks */ = {isa = PBXBuildFile; fileRef = E45BE97A0E8CC7DD009D7055 /* QuickTime.framework */; };
		E49DA86610CD41910006B5A8 /* freeimage.a in Frameworks */ = {isa = PBXBuildFile; fileRef = E49DA86510CD41910006B5A8 /* freeimage.a */; };
		E4B69E200A3A1BDC003C02F2 /* main.cpp in Sources */ = {isa = PBXBuildFile; fileRef = E4B69E1D0A3A1BDC003C02F2 /* main.cpp */; };
		E4B69E210A3A1BDC003C02F2 /* livedrawApp.cpp in Sources */ = {isa = PBXBuildFile; fileRef = E4B69E1E0A3A1BDC003C02F2 /* livedrawApp.cpp */; };
		E4C2422B10CC554B004149E2 /* openFrameworksDebug.a in Frameworks */ = {isa = PBXBuildFile; fileRef = E4C2421E10CC549C004149E2 /* openFrameworksDebug.a */; };
		E4C2424710CC5A17004149E2 /* AppKit.framework in Frameworks */ = {isa = PBXBuildFile; fileRef = E4C2424410CC5A17004149E2 /* AppKit.framework */; };
		E4C2424810CC5A17004149E2 /* Cocoa.framework in Frameworks */ = {isa = PBXBuildFile; fileRef = E4C2424510CC5A17004149E2 /* Cocoa.framework */; };
		E4C2424910CC5A17004149E2 /* IOKit.framework in Frameworks */ = {isa = PBXBuildFile; fileRef = E4C2424610CC5A17004149E2 /* IOKit.framework */; };
		E4C2426610CC5A78004149E2 /* GLUT.framework in Frameworks */ = {isa = PBXBuildFile; fileRef = E4C2425F10CC5A78004149E2 /* GLUT.framework */; };
		E4C2426B10CC5AA6004149E2 /* GLUT.framework in CopyFiles */ = {isa = PBXBuildFile; fileRef = E4C2425F10CC5A78004149E2 /* GLUT.framework */; };
		E4C2427F10CC5B66004149E2 /* CppUnit.a in Frameworks */ = {isa = PBXBuildFile; fileRef = E4C2427A10CC5B66004149E2 /* CppUnit.a */; };
		E4C2428010CC5B66004149E2 /* PocoFoundation.a in Frameworks */ = {isa = PBXBuildFile; fileRef = E4C2427B10CC5B66004149E2 /* PocoFoundation.a */; };
		E4C2428110CC5B66004149E2 /* PocoNet.a in Frameworks */ = {isa = PBXBuildFile; fileRef = E4C2427C10CC5B66004149E2 /* PocoNet.a */; };
		E4C2428210CC5B66004149E2 /* PocoUtil.a in Frameworks */ = {isa = PBXBuildFile; fileRef = E4C2427D10CC5B66004149E2 /* PocoUtil.a */; };
		E4C2428310CC5B66004149E2 /* PocoXML.a in Frameworks */ = {isa = PBXBuildFile; fileRef = E4C2427E10CC5B66004149E2 /* PocoXML.a */; };
		E4C2428710CC5BBD004149E2 /* osc.a in Frameworks */ = {isa = PBXBuildFile; fileRef = E4C2428610CC5BBD004149E2 /* osc.a */; };
		E4C2429410CC5C38004149E2 /* freetype.a in Frameworks */ = {isa = PBXBuildFile; fileRef = E4C2429310CC5C38004149E2 /* freetype.a */; };
		E4C242CD10CC650E004149E2 /* libfmodex.dylib in Frameworks */ = {isa = PBXBuildFile; fileRef = E4C242CC10CC650E004149E2 /* libfmodex.dylib */; };
		FD5DAE49132A9C4900AA32B5 /* ofxFenster.cpp in Sources */ = {isa = PBXBuildFile; fileRef = FD5DAE47132A9C4900AA32B5 /* ofxFenster.cpp */; };
		FD5DAE4D132A9C6600AA32B5 /* ofxFbo.cpp in Sources */ = {isa = PBXBuildFile; fileRef = FD5DAE4B132A9C6600AA32B5 /* ofxFbo.cpp */; };
		FD5DAECF132AA9E100AA32B5 /* BaseMediaAsset.cpp in Sources */ = {isa = PBXBuildFile; fileRef = FD5DAECE132AA9E100AA32B5 /* BaseMediaAsset.cpp */; };
		FD5ECDC613220ED200730885 /* ofxGui.cpp in Sources */ = {isa = PBXBuildFile; fileRef = FD5ECD9C13220ED100730885 /* ofxGui.cpp */; };
		FD5ECDC713220ED200730885 /* ofxGuiButton.cpp in Sources */ = {isa = PBXBuildFile; fileRef = FD5ECD9F13220ED100730885 /* ofxGuiButton.cpp */; };
		FD5ECDC913220ED200730885 /* ofxGuiEvents.cpp in Sources */ = {isa = PBXBuildFile; fileRef = FD5ECDA313220ED100730885 /* ofxGuiEvents.cpp */; };
		FD5ECDCD13220ED200730885 /* ofxGuiGlobals.cpp in Sources */ = {isa = PBXBuildFile; fileRef = FD5ECDAB13220ED100730885 /* ofxGuiGlobals.cpp */; };
		FD5ECDD113220ED200730885 /* ofxGuiObject.cpp in Sources */ = {isa = PBXBuildFile; fileRef = FD5ECDB313220ED100730885 /* ofxGuiObject.cpp */; };
		FD5ECDD213220ED200730885 /* ofxGuiPanel.cpp in Sources */ = {isa = PBXBuildFile; fileRef = FD5ECDB513220ED100730885 /* ofxGuiPanel.cpp */; };
		FD5ECDD913220ED200730885 /* ofxKeyMap.cpp in Sources */ = {isa = PBXBuildFile; fileRef = FD5ECDC413220ED200730885 /* ofxKeyMap.cpp */; };
		FD5ECE0C13220F7800730885 /* tinyxml.cpp in Sources */ = {isa = PBXBuildFile; fileRef = FD5ECE0513220F7800730885 /* tinyxml.cpp */; };
		FD5ECE0D13220F7800730885 /* tinyxmlerror.cpp in Sources */ = {isa = PBXBuildFile; fileRef = FD5ECE0713220F7800730885 /* tinyxmlerror.cpp */; };
		FD5ECE0E13220F7800730885 /* tinyxmlparser.cpp in Sources */ = {isa = PBXBuildFile; fileRef = FD5ECE0813220F7800730885 /* tinyxmlparser.cpp */; };
		FD5ECE0F13220F7800730885 /* ofxXmlSettings.cpp in Sources */ = {isa = PBXBuildFile; fileRef = FD5ECE0A13220F7800730885 /* ofxXmlSettings.cpp */; };
		FD5ECE2213220F8D00730885 /* ofxMatrix3x3.cpp in Sources */ = {isa = PBXBuildFile; fileRef = FD5ECE1513220F8D00730885 /* ofxMatrix3x3.cpp */; };
		FD5ECE2313220F8D00730885 /* ofxMatrix4x4.cpp in Sources */ = {isa = PBXBuildFile; fileRef = FD5ECE1713220F8D00730885 /* ofxMatrix4x4.cpp */; };
		FD5ECE2413220F8D00730885 /* ofxQuaternion.cpp in Sources */ = {isa = PBXBuildFile; fileRef = FD5ECE1C13220F8D00730885 /* ofxQuaternion.cpp */; };
		FD5ECE2E13220FAB00730885 /* ofxDirList.cpp in Sources */ = {isa = PBXBuildFile; fileRef = FD5ECE2C13220FAB00730885 /* ofxDirList.cpp */; };
		FD5ECE561322121900730885 /* GuiManager.cpp in Sources */ = {isa = PBXBuildFile; fileRef = FD5ECE551322121900730885 /* GuiManager.cpp */; };
		FD5ECFA41322F59700730885 /* BaseMediaSource.cpp in Sources */ = {isa = PBXBuildFile; fileRef = FD5ECFA31322F59700730885 /* BaseMediaSource.cpp */; };
		FD5ECFB91322FF8800730885 /* StreamSource.cpp in Sources */ = {isa = PBXBuildFile; fileRef = FD5ECFB81322FF8800730885 /* StreamSource.cpp */; };
		FD5ECFBC1322FF9000730885 /* ImageSource.cpp in Sources */ = {isa = PBXBuildFile; fileRef = FD5ECFBB1322FF9000730885 /* ImageSource.cpp */; };
		FD5ECFBF1322FF9D00730885 /* VideoSource.cpp in Sources */ = {isa = PBXBuildFile; fileRef = FD5ECFBE1322FF9D00730885 /* VideoSource.cpp */; };
		FD5ECFC21322FFB000730885 /* GrabberSource.cpp in Sources */ = {isa = PBXBuildFile; fileRef = FD5ECFC11322FFB000730885 /* GrabberSource.cpp */; };
		FD69215213247CE500109E3E /* CanvasLayerTransform.cpp in Sources */ = {isa = PBXBuildFile; fileRef = FD69215113247CE500109E3E /* CanvasLayerTransform.cpp */; };
		FD69239C1324A93500109E3E /* ofxShader.cpp in Sources */ = {isa = PBXBuildFile; fileRef = FD69239A1324A93500109E3E /* ofxShader.cpp */; };
		FD6928F6132554C500109E3E /* MyCustomControllerObject.cpp in Sources */ = {isa = PBXBuildFile; fileRef = FD6928F4132554C500109E3E /* MyCustomControllerObject.cpp */; };
		FD692947132587D000109E3E /* EffectsManager.cpp in Sources */ = {isa = PBXBuildFile; fileRef = FD692946132587D000109E3E /* EffectsManager.cpp */; };
		FD69295B13258CD600109E3E /* Samplers.cpp in Sources */ = {isa = PBXBuildFile; fileRef = FD69295A13258CD600109E3E /* Samplers.cpp */; };
		FD69296B1325905800109E3E /* CanvasGroup.cpp in Sources */ = {isa = PBXBuildFile; fileRef = FD69296A1325905800109E3E /* CanvasGroup.cpp */; };
		FD82975012A33B8D0067BF8D /* OscManager.cpp in Sources */ = {isa = PBXBuildFile; fileRef = FD82974F12A33B8D0067BF8D /* OscManager.cpp */; };
		FD82978E12A35B740067BF8D /* osc_match.c in Sources */ = {isa = PBXBuildFile; fileRef = FD82978C12A35B740067BF8D /* osc_match.c */; };
		FDE2132412E2A77300F59BC8 /* SessionManager.cpp in Sources */ = {isa = PBXBuildFile; fileRef = FDE2132212E2A77300F59BC8 /* SessionManager.cpp */; };
		FDE2133212E2A9BD00F59BC8 /* AssetManager.cpp in Sources */ = {isa = PBXBuildFile; fileRef = FDE2133112E2A9BD00F59BC8 /* AssetManager.cpp */; };
		FDE2133812E2B9A200F59BC8 /* ControllerManager.cpp in Sources */ = {isa = PBXBuildFile; fileRef = FDE2133712E2B9A200F59BC8 /* ControllerManager.cpp */; };
		FDE737C21354F3A80028EAD9 /* GrabberMediaAsset.cpp in Sources */ = {isa = PBXBuildFile; fileRef = FDE737C01354F3A60028EAD9 /* GrabberMediaAsset.cpp */; };
		FDE737C51354F4750028EAD9 /* ImageMediaAsset.cpp in Sources */ = {isa = PBXBuildFile; fileRef = FDE737C31354F46F0028EAD9 /* ImageMediaAsset.cpp */; };
		FDE737C81354F4AC0028EAD9 /* VideoMediaAsset.cpp in Sources */ = {isa = PBXBuildFile; fileRef = FDE737C61354F4A30028EAD9 /* VideoMediaAsset.cpp */; };
		FDE737CB1354F4E50028EAD9 /* StreamingMediaAsset.cpp in Sources */ = {isa = PBXBuildFile; fileRef = FDE737C91354F4D90028EAD9 /* StreamingMediaAsset.cpp */; };
		FDF6639612AC9E6700C79694 /* CanvasRenderer.cpp in Sources */ = {isa = PBXBuildFile; fileRef = FDEB524412A8E2E100CEE6C8 /* CanvasRenderer.cpp */; };
		FDF663FF12ADF68900C79694 /* CanvasLayer.cpp in Sources */ = {isa = PBXBuildFile; fileRef = FDF663FD12ADF68900C79694 /* CanvasLayer.cpp */; };
/* End PBXBuildFile section */

/* Begin PBXContainerItemProxy section */
		E4C2421D10CC549C004149E2 /* PBXContainerItemProxy */ = {
			isa = PBXContainerItemProxy;
			containerPortal = E4C2421610CC549C004149E2 /* openFrameworksLib.xcodeproj */;
			proxyType = 2;
			remoteGlobalIDString = E4B27C1510CBEB8E00536013;
			remoteInfo = openFrameworks;
		};
		E4C2422710CC54DA004149E2 /* PBXContainerItemProxy */ = {
			isa = PBXContainerItemProxy;
			containerPortal = E4C2421610CC549C004149E2 /* openFrameworksLib.xcodeproj */;
			proxyType = 1;
			remoteGlobalIDString = E4B27C1410CBEB8E00536013;
			remoteInfo = openFrameworks;
		};
/* End PBXContainerItemProxy section */

/* Begin PBXCopyFilesBuildPhase section */
		E4C2427710CC5ABF004149E2 /* CopyFiles */ = {
			isa = PBXCopyFilesBuildPhase;
			buildActionMask = 2147483647;
			dstPath = "";
			dstSubfolderSpec = 10;
			files = (
				E4C2426B10CC5AA6004149E2 /* GLUT.framework in CopyFiles */,
			);
			runOnlyForDeploymentPostprocessing = 0;
		};
		E4C2444710CC769B004149E2 /* CopyFiles */ = {
			isa = PBXCopyFilesBuildPhase;
			buildActionMask = 2147483647;
			dstPath = "";
			dstSubfolderSpec = 7;
			files = (
			);
			runOnlyForDeploymentPostprocessing = 0;
		};
/* End PBXCopyFilesBuildPhase section */

/* Begin PBXFileReference section */
		E446669D0F5B3E04005D0BF0 /* IpEndpointName.h */ = {isa = PBXFileReference; fileEncoding = 4; lastKnownFileType = sourcecode.c.h; name = IpEndpointName.h; path = ../../../addons/ofxOsc/libs/oscpack/include/ip/IpEndpointName.h; sourceTree = SOURCE_ROOT; };
		E446669E0F5B3E04005D0BF0 /* NetworkingUtils.h */ = {isa = PBXFileReference; fileEncoding = 4; lastKnownFileType = sourcecode.c.h; name = NetworkingUtils.h; path = ../../../addons/ofxOsc/libs/oscpack/include/ip/NetworkingUtils.h; sourceTree = SOURCE_ROOT; };
		E446669F0F5B3E04005D0BF0 /* PacketListener.h */ = {isa = PBXFileReference; fileEncoding = 4; lastKnownFileType = sourcecode.c.h; name = PacketListener.h; path = ../../../addons/ofxOsc/libs/oscpack/include/ip/PacketListener.h; sourceTree = SOURCE_ROOT; };
		E44666A00F5B3E04005D0BF0 /* TimerListener.h */ = {isa = PBXFileReference; fileEncoding = 4; lastKnownFileType = sourcecode.c.h; name = TimerListener.h; path = ../../../addons/ofxOsc/libs/oscpack/include/ip/TimerListener.h; sourceTree = SOURCE_ROOT; };
		E44666A10F5B3E04005D0BF0 /* UdpSocket.h */ = {isa = PBXFileReference; fileEncoding = 4; lastKnownFileType = sourcecode.c.h; name = UdpSocket.h; path = ../../../addons/ofxOsc/libs/oscpack/include/ip/UdpSocket.h; sourceTree = SOURCE_ROOT; };
		E44666A30F5B3E04005D0BF0 /* MessageMappingOscPacketListener.h */ = {isa = PBXFileReference; fileEncoding = 4; lastKnownFileType = sourcecode.c.h; name = MessageMappingOscPacketListener.h; path = ../../../addons/ofxOsc/libs/oscpack/include/osc/MessageMappingOscPacketListener.h; sourceTree = SOURCE_ROOT; };
		E44666A40F5B3E04005D0BF0 /* OscException.h */ = {isa = PBXFileReference; fileEncoding = 4; lastKnownFileType = sourcecode.c.h; name = OscException.h; path = ../../../addons/ofxOsc/libs/oscpack/include/osc/OscException.h; sourceTree = SOURCE_ROOT; };
		E44666A50F5B3E04005D0BF0 /* OscHostEndianness.h */ = {isa = PBXFileReference; fileEncoding = 4; lastKnownFileType = sourcecode.c.h; name = OscHostEndianness.h; path = ../../../addons/ofxOsc/libs/oscpack/include/osc/OscHostEndianness.h; sourceTree = SOURCE_ROOT; };
		E44666A60F5B3E04005D0BF0 /* OscOutboundPacketStream.h */ = {isa = PBXFileReference; fileEncoding = 4; lastKnownFileType = sourcecode.c.h; name = OscOutboundPacketStream.h; path = ../../../addons/ofxOsc/libs/oscpack/include/osc/OscOutboundPacketStream.h; sourceTree = SOURCE_ROOT; };
		E44666A70F5B3E04005D0BF0 /* OscPacketListener.h */ = {isa = PBXFileReference; fileEncoding = 4; lastKnownFileType = sourcecode.c.h; name = OscPacketListener.h; path = ../../../addons/ofxOsc/libs/oscpack/include/osc/OscPacketListener.h; sourceTree = SOURCE_ROOT; };
		E44666A80F5B3E04005D0BF0 /* OscPrintReceivedElements.h */ = {isa = PBXFileReference; fileEncoding = 4; lastKnownFileType = sourcecode.c.h; name = OscPrintReceivedElements.h; path = ../../../addons/ofxOsc/libs/oscpack/include/osc/OscPrintReceivedElements.h; sourceTree = SOURCE_ROOT; };
		E44666A90F5B3E04005D0BF0 /* OscReceivedElements.h */ = {isa = PBXFileReference; fileEncoding = 4; lastKnownFileType = sourcecode.c.h; name = OscReceivedElements.h; path = ../../../addons/ofxOsc/libs/oscpack/include/osc/OscReceivedElements.h; sourceTree = SOURCE_ROOT; };
		E44666AA0F5B3E04005D0BF0 /* OscTypes.h */ = {isa = PBXFileReference; fileEncoding = 4; lastKnownFileType = sourcecode.c.h; name = OscTypes.h; path = ../../../addons/ofxOsc/libs/oscpack/include/osc/OscTypes.h; sourceTree = SOURCE_ROOT; };
		E44666B60F5B3E04005D0BF0 /* ofxOsc.h */ = {isa = PBXFileReference; fileEncoding = 4; lastKnownFileType = sourcecode.c.h; name = ofxOsc.h; path = ../../../addons/ofxOsc/src/ofxOsc.h; sourceTree = SOURCE_ROOT; };
		E44666B70F5B3E04005D0BF0 /* ofxOscArg.h */ = {isa = PBXFileReference; fileEncoding = 4; lastKnownFileType = sourcecode.c.h; name = ofxOscArg.h; path = ../../../addons/ofxOsc/src/ofxOscArg.h; sourceTree = SOURCE_ROOT; };
		E44666B80F5B3E04005D0BF0 /* ofxOscBundle.cpp */ = {isa = PBXFileReference; fileEncoding = 4; lastKnownFileType = sourcecode.cpp.cpp; name = ofxOscBundle.cpp; path = ../../../addons/ofxOsc/src/ofxOscBundle.cpp; sourceTree = SOURCE_ROOT; };
		E44666B90F5B3E04005D0BF0 /* ofxOscBundle.h */ = {isa = PBXFileReference; fileEncoding = 4; lastKnownFileType = sourcecode.c.h; name = ofxOscBundle.h; path = ../../../addons/ofxOsc/src/ofxOscBundle.h; sourceTree = SOURCE_ROOT; };
		E44666BA0F5B3E04005D0BF0 /* ofxOscMessage.cpp */ = {isa = PBXFileReference; fileEncoding = 4; lastKnownFileType = sourcecode.cpp.cpp; name = ofxOscMessage.cpp; path = ../../../addons/ofxOsc/src/ofxOscMessage.cpp; sourceTree = SOURCE_ROOT; };
		E44666BB0F5B3E04005D0BF0 /* ofxOscMessage.h */ = {isa = PBXFileReference; fileEncoding = 4; lastKnownFileType = sourcecode.c.h; name = ofxOscMessage.h; path = ../../../addons/ofxOsc/src/ofxOscMessage.h; sourceTree = SOURCE_ROOT; };
		E44666BC0F5B3E04005D0BF0 /* ofxOscReceiver.cpp */ = {isa = PBXFileReference; fileEncoding = 4; lastKnownFileType = sourcecode.cpp.cpp; name = ofxOscReceiver.cpp; path = ../../../addons/ofxOsc/src/ofxOscReceiver.cpp; sourceTree = SOURCE_ROOT; };
		E44666BD0F5B3E04005D0BF0 /* ofxOscReceiver.h */ = {isa = PBXFileReference; fileEncoding = 4; lastKnownFileType = sourcecode.c.h; name = ofxOscReceiver.h; path = ../../../addons/ofxOsc/src/ofxOscReceiver.h; sourceTree = SOURCE_ROOT; };
		E44666BE0F5B3E04005D0BF0 /* ofxOscSender.cpp */ = {isa = PBXFileReference; fileEncoding = 4; lastKnownFileType = sourcecode.cpp.cpp; name = ofxOscSender.cpp; path = ../../../addons/ofxOsc/src/ofxOscSender.cpp; sourceTree = SOURCE_ROOT; };
		E44666BF0F5B3E04005D0BF0 /* ofxOscSender.h */ = {isa = PBXFileReference; fileEncoding = 4; lastKnownFileType = sourcecode.c.h; name = ofxOscSender.h; path = ../../../addons/ofxOsc/src/ofxOscSender.h; sourceTree = SOURCE_ROOT; };
		E45BE0390E8CC647009D7055 /* FreeImage.h */ = {isa = PBXFileReference; fileEncoding = 4; lastKnownFileType = sourcecode.c.h; name = FreeImage.h; path = ../../../libs/freeimage/include/FreeImage.h; sourceTree = SOURCE_ROOT; };
		E45BE03F0E8CC650009D7055 /* fmod.h */ = {isa = PBXFileReference; fileEncoding = 4; lastKnownFileType = sourcecode.c.h; name = fmod.h; path = ../../../libs/fmodex/include/fmod.h; sourceTree = SOURCE_ROOT; };
		E45BE0400E8CC650009D7055 /* fmod.hpp */ = {isa = PBXFileReference; fileEncoding = 4; lastKnownFileType = sourcecode.cpp.h; name = fmod.hpp; path = ../../../libs/fmodex/include/fmod.hpp; sourceTree = SOURCE_ROOT; };
		E45BE0410E8CC650009D7055 /* fmod_codec.h */ = {isa = PBXFileReference; fileEncoding = 4; lastKnownFileType = sourcecode.c.h; name = fmod_codec.h; path = ../../../libs/fmodex/include/fmod_codec.h; sourceTree = SOURCE_ROOT; };
		E45BE0420E8CC650009D7055 /* fmod_dsp.h */ = {isa = PBXFileReference; fileEncoding = 4; lastKnownFileType = sourcecode.c.h; name = fmod_dsp.h; path = ../../../libs/fmodex/include/fmod_dsp.h; sourceTree = SOURCE_ROOT; };
		E45BE0430E8CC650009D7055 /* fmod_errors.h */ = {isa = PBXFileReference; fileEncoding = 4; lastKnownFileType = sourcecode.c.h; name = fmod_errors.h; path = ../../../libs/fmodex/include/fmod_errors.h; sourceTree = SOURCE_ROOT; };
		E45BE0440E8CC650009D7055 /* fmod_output.h */ = {isa = PBXFileReference; fileEncoding = 4; lastKnownFileType = sourcecode.c.h; name = fmod_output.h; path = ../../../libs/fmodex/include/fmod_output.h; sourceTree = SOURCE_ROOT; };
		E45BE0A70E8CC67C009D7055 /* GLee.h */ = {isa = PBXFileReference; fileEncoding = 4; lastKnownFileType = sourcecode.c.h; name = GLee.h; path = ../../../libs/GLee/include/GLee.h; sourceTree = SOURCE_ROOT; };
		E45BE0A90E8CC67C009D7055 /* GLee.a */ = {isa = PBXFileReference; lastKnownFileType = archive.ar; name = GLee.a; path = ../../../libs/GLee/lib/osx/GLee.a; sourceTree = SOURCE_ROOT; };
		E45BE2E00E8CC69C009D7055 /* RtAudio.h */ = {isa = PBXFileReference; fileEncoding = 4; lastKnownFileType = sourcecode.c.h; name = RtAudio.h; path = ../../../libs/rtAudio/include/RtAudio.h; sourceTree = SOURCE_ROOT; };
		E45BE2E10E8CC69C009D7055 /* RtError.h */ = {isa = PBXFileReference; fileEncoding = 4; lastKnownFileType = sourcecode.c.h; name = RtError.h; path = ../../../libs/rtAudio/include/RtError.h; sourceTree = SOURCE_ROOT; };
		E45BE2E30E8CC69C009D7055 /* rtAudio.a */ = {isa = PBXFileReference; lastKnownFileType = archive.ar; name = rtAudio.a; path = ../../../libs/rtAudio/lib/osx/rtAudio.a; sourceTree = SOURCE_ROOT; };
		E45BE9710E8CC7DD009D7055 /* AGL.framework */ = {isa = PBXFileReference; lastKnownFileType = wrapper.framework; name = AGL.framework; path = /System/Library/Frameworks/AGL.framework; sourceTree = "<absolute>"; };
		E45BE9720E8CC7DD009D7055 /* ApplicationServices.framework */ = {isa = PBXFileReference; lastKnownFileType = wrapper.framework; name = ApplicationServices.framework; path = /System/Library/Frameworks/ApplicationServices.framework; sourceTree = "<absolute>"; };
		E45BE9730E8CC7DD009D7055 /* AudioToolbox.framework */ = {isa = PBXFileReference; lastKnownFileType = wrapper.framework; name = AudioToolbox.framework; path = /System/Library/Frameworks/AudioToolbox.framework; sourceTree = "<absolute>"; };
		E45BE9740E8CC7DD009D7055 /* Carbon.framework */ = {isa = PBXFileReference; lastKnownFileType = wrapper.framework; name = Carbon.framework; path = /System/Library/Frameworks/Carbon.framework; sourceTree = "<absolute>"; };
		E45BE9750E8CC7DD009D7055 /* CoreAudio.framework */ = {isa = PBXFileReference; lastKnownFileType = wrapper.framework; name = CoreAudio.framework; path = /System/Library/Frameworks/CoreAudio.framework; sourceTree = "<absolute>"; };
		E45BE9760E8CC7DD009D7055 /* CoreFoundation.framework */ = {isa = PBXFileReference; lastKnownFileType = wrapper.framework; name = CoreFoundation.framework; path = /System/Library/Frameworks/CoreFoundation.framework; sourceTree = "<absolute>"; };
		E45BE9770E8CC7DD009D7055 /* CoreServices.framework */ = {isa = PBXFileReference; lastKnownFileType = wrapper.framework; name = CoreServices.framework; path = /System/Library/Frameworks/CoreServices.framework; sourceTree = "<absolute>"; };
		E45BE9790E8CC7DD009D7055 /* OpenGL.framework */ = {isa = PBXFileReference; lastKnownFileType = wrapper.framework; name = OpenGL.framework; path = /System/Library/Frameworks/OpenGL.framework; sourceTree = "<absolute>"; };
		E45BE97A0E8CC7DD009D7055 /* QuickTime.framework */ = {isa = PBXFileReference; lastKnownFileType = wrapper.framework; name = QuickTime.framework; path = /System/Library/Frameworks/QuickTime.framework; sourceTree = "<absolute>"; };
		E49DA86510CD41910006B5A8 /* freeimage.a */ = {isa = PBXFileReference; lastKnownFileType = archive.ar; name = freeimage.a; path = ../../../libs/FreeImage/lib/osx/freeimage.a; sourceTree = SOURCE_ROOT; };
		E4B69B5B0A3A1756003C02F2 /* livedrawDebug.app */ = {isa = PBXFileReference; explicitFileType = wrapper.application; includeInIndex = 0; path = livedrawDebug.app; sourceTree = BUILT_PRODUCTS_DIR; };
		E4B69E1D0A3A1BDC003C02F2 /* main.cpp */ = {isa = PBXFileReference; fileEncoding = 30; lastKnownFileType = sourcecode.cpp.cpp; name = main.cpp; path = src/main.cpp; sourceTree = SOURCE_ROOT; };
		E4B69E1E0A3A1BDC003C02F2 /* livedrawApp.cpp */ = {isa = PBXFileReference; explicitFileType = sourcecode.cpp.cpp; fileEncoding = 30; path = livedrawApp.cpp; sourceTree = "<group>"; };
		E4B69E1F0A3A1BDC003C02F2 /* livedrawApp.h */ = {isa = PBXFileReference; fileEncoding = 30; lastKnownFileType = sourcecode.c.h; path = livedrawApp.h; sourceTree = "<group>"; };
		E4B6FCAD0C3E899E008CF71C /* openFrameworks-Info.plist */ = {isa = PBXFileReference; fileEncoding = 30; lastKnownFileType = text.plist.xml; path = "openFrameworks-Info.plist"; sourceTree = "<group>"; };
		E4C2421610CC549C004149E2 /* openFrameworksLib.xcodeproj */ = {isa = PBXFileReference; lastKnownFileType = "wrapper.pb-project"; name = openFrameworksLib.xcodeproj; path = ../../../libs/openFrameworksCompiled/project/osx/openFrameworksLib.xcodeproj; sourceTree = SOURCE_ROOT; };
		E4C2424410CC5A17004149E2 /* AppKit.framework */ = {isa = PBXFileReference; lastKnownFileType = wrapper.framework; name = AppKit.framework; path = /System/Library/Frameworks/AppKit.framework; sourceTree = "<absolute>"; };
		E4C2424510CC5A17004149E2 /* Cocoa.framework */ = {isa = PBXFileReference; lastKnownFileType = wrapper.framework; name = Cocoa.framework; path = /System/Library/Frameworks/Cocoa.framework; sourceTree = "<absolute>"; };
		E4C2424610CC5A17004149E2 /* IOKit.framework */ = {isa = PBXFileReference; lastKnownFileType = wrapper.framework; name = IOKit.framework; path = /System/Library/Frameworks/IOKit.framework; sourceTree = "<absolute>"; };
		E4C2425F10CC5A78004149E2 /* GLUT.framework */ = {isa = PBXFileReference; lastKnownFileType = wrapper.framework; name = GLUT.framework; path = ../../../libs/glut/lib/osx/GLUT.framework; sourceTree = SOURCE_ROOT; };
		E4C2427A10CC5B66004149E2 /* CppUnit.a */ = {isa = PBXFileReference; lastKnownFileType = archive.ar; name = CppUnit.a; path = ../../../libs/poco/lib/osx/CppUnit.a; sourceTree = SOURCE_ROOT; };
		E4C2427B10CC5B66004149E2 /* PocoFoundation.a */ = {isa = PBXFileReference; lastKnownFileType = archive.ar; name = PocoFoundation.a; path = ../../../libs/poco/lib/osx/PocoFoundation.a; sourceTree = SOURCE_ROOT; };
		E4C2427C10CC5B66004149E2 /* PocoNet.a */ = {isa = PBXFileReference; lastKnownFileType = archive.ar; name = PocoNet.a; path = ../../../libs/poco/lib/osx/PocoNet.a; sourceTree = SOURCE_ROOT; };
		E4C2427D10CC5B66004149E2 /* PocoUtil.a */ = {isa = PBXFileReference; lastKnownFileType = archive.ar; name = PocoUtil.a; path = ../../../libs/poco/lib/osx/PocoUtil.a; sourceTree = SOURCE_ROOT; };
		E4C2427E10CC5B66004149E2 /* PocoXML.a */ = {isa = PBXFileReference; lastKnownFileType = archive.ar; name = PocoXML.a; path = ../../../libs/poco/lib/osx/PocoXML.a; sourceTree = SOURCE_ROOT; };
		E4C2428610CC5BBD004149E2 /* osc.a */ = {isa = PBXFileReference; lastKnownFileType = archive.ar; name = osc.a; path = ../../../addons/ofxOsc/libs/oscpack/lib/osx/osc.a; sourceTree = SOURCE_ROOT; };
		E4C2429310CC5C38004149E2 /* freetype.a */ = {isa = PBXFileReference; lastKnownFileType = archive.ar; name = freetype.a; path = ../../../libs/freetype/lib/osx/freetype.a; sourceTree = SOURCE_ROOT; };
		E4C242CC10CC650E004149E2 /* libfmodex.dylib */ = {isa = PBXFileReference; lastKnownFileType = "compiled.mach-o.dylib"; name = libfmodex.dylib; path = ../../../libs/fmodex/lib/osx/libfmodex.dylib; sourceTree = SOURCE_ROOT; };
		FD5DAE47132A9C4900AA32B5 /* ofxFenster.cpp */ = {isa = PBXFileReference; fileEncoding = 4; lastKnownFileType = sourcecode.cpp.cpp; path = ofxFenster.cpp; sourceTree = "<group>"; };
		FD5DAE48132A9C4900AA32B5 /* ofxFenster.h */ = {isa = PBXFileReference; fileEncoding = 4; lastKnownFileType = sourcecode.c.h; path = ofxFenster.h; sourceTree = "<group>"; };
		FD5DAE4B132A9C6600AA32B5 /* ofxFbo.cpp */ = {isa = PBXFileReference; fileEncoding = 4; lastKnownFileType = sourcecode.cpp.cpp; path = ofxFbo.cpp; sourceTree = "<group>"; };
		FD5DAE4C132A9C6600AA32B5 /* ofxFbo.h */ = {isa = PBXFileReference; fileEncoding = 4; lastKnownFileType = sourcecode.c.h; path = ofxFbo.h; sourceTree = "<group>"; };
		FD5DAECD132AA9E100AA32B5 /* BaseMediaAsset.h */ = {isa = PBXFileReference; fileEncoding = 4; lastKnownFileType = sourcecode.c.h; path = BaseMediaAsset.h; sourceTree = "<group>"; };
		FD5DAECE132AA9E100AA32B5 /* BaseMediaAsset.cpp */ = {isa = PBXFileReference; fileEncoding = 4; lastKnownFileType = sourcecode.cpp.cpp; path = BaseMediaAsset.cpp; sourceTree = "<group>"; };
		FD5DAF4E132ABB6100AA32B5 /* Types.h */ = {isa = PBXFileReference; fileEncoding = 4; lastKnownFileType = sourcecode.c.h; path = Types.h; sourceTree = "<group>"; };
		FD5ECD9C13220ED100730885 /* ofxGui.cpp */ = {isa = PBXFileReference; fileEncoding = 4; lastKnownFileType = sourcecode.cpp.cpp; path = ofxGui.cpp; sourceTree = "<group>"; };
		FD5ECD9D13220ED100730885 /* ofxGui.h */ = {isa = PBXFileReference; fileEncoding = 4; lastKnownFileType = sourcecode.c.h; path = ofxGui.h; sourceTree = "<group>"; };
		FD5ECD9E13220ED100730885 /* ofxGuiApp.h */ = {isa = PBXFileReference; fileEncoding = 4; lastKnownFileType = sourcecode.c.h; path = ofxGuiApp.h; sourceTree = "<group>"; };
		FD5ECD9F13220ED100730885 /* ofxGuiButton.cpp */ = {isa = PBXFileReference; fileEncoding = 4; lastKnownFileType = sourcecode.cpp.cpp; path = ofxGuiButton.cpp; sourceTree = "<group>"; };
		FD5ECDA013220ED100730885 /* ofxGuiButton.h */ = {isa = PBXFileReference; fileEncoding = 4; lastKnownFileType = sourcecode.c.h; path = ofxGuiButton.h; sourceTree = "<group>"; };
		FD5ECDA313220ED100730885 /* ofxGuiEvents.cpp */ = {isa = PBXFileReference; fileEncoding = 4; lastKnownFileType = sourcecode.cpp.cpp; path = ofxGuiEvents.cpp; sourceTree = "<group>"; };
		FD5ECDA413220ED100730885 /* ofxGuiEvents.h */ = {isa = PBXFileReference; fileEncoding = 4; lastKnownFileType = sourcecode.c.h; path = ofxGuiEvents.h; sourceTree = "<group>"; };
		FD5ECDAB13220ED100730885 /* ofxGuiGlobals.cpp */ = {isa = PBXFileReference; fileEncoding = 4; lastKnownFileType = sourcecode.cpp.cpp; path = ofxGuiGlobals.cpp; sourceTree = "<group>"; };
		FD5ECDAC13220ED100730885 /* ofxGuiGlobals.h */ = {isa = PBXFileReference; fileEncoding = 4; lastKnownFileType = sourcecode.c.h; path = ofxGuiGlobals.h; sourceTree = "<group>"; };
		FD5ECDB313220ED100730885 /* ofxGuiObject.cpp */ = {isa = PBXFileReference; fileEncoding = 4; lastKnownFileType = sourcecode.cpp.cpp; path = ofxGuiObject.cpp; sourceTree = "<group>"; };
		FD5ECDB413220ED100730885 /* ofxGuiObject.h */ = {isa = PBXFileReference; fileEncoding = 4; lastKnownFileType = sourcecode.c.h; path = ofxGuiObject.h; sourceTree = "<group>"; };
		FD5ECDB513220ED100730885 /* ofxGuiPanel.cpp */ = {isa = PBXFileReference; fileEncoding = 4; lastKnownFileType = sourcecode.cpp.cpp; path = ofxGuiPanel.cpp; sourceTree = "<group>"; };
		FD5ECDB613220ED100730885 /* ofxGuiPanel.h */ = {isa = PBXFileReference; fileEncoding = 4; lastKnownFileType = sourcecode.c.h; path = ofxGuiPanel.h; sourceTree = "<group>"; };
		FD5ECDC113220ED100730885 /* ofxGuiTypes.h */ = {isa = PBXFileReference; fileEncoding = 4; lastKnownFileType = sourcecode.c.h; path = ofxGuiTypes.h; sourceTree = "<group>"; };
		FD5ECDC413220ED200730885 /* ofxKeyMap.cpp */ = {isa = PBXFileReference; fileEncoding = 4; lastKnownFileType = sourcecode.cpp.cpp; path = ofxKeyMap.cpp; sourceTree = "<group>"; };
		FD5ECDC513220ED200730885 /* ofxKeyMap.h */ = {isa = PBXFileReference; fileEncoding = 4; lastKnownFileType = sourcecode.c.h; path = ofxKeyMap.h; sourceTree = "<group>"; };
		FD5ECE0513220F7800730885 /* tinyxml.cpp */ = {isa = PBXFileReference; fileEncoding = 4; lastKnownFileType = sourcecode.cpp.cpp; path = tinyxml.cpp; sourceTree = "<group>"; };
		FD5ECE0613220F7800730885 /* tinyxml.h */ = {isa = PBXFileReference; fileEncoding = 4; lastKnownFileType = sourcecode.c.h; path = tinyxml.h; sourceTree = "<group>"; };
		FD5ECE0713220F7800730885 /* tinyxmlerror.cpp */ = {isa = PBXFileReference; fileEncoding = 4; lastKnownFileType = sourcecode.cpp.cpp; path = tinyxmlerror.cpp; sourceTree = "<group>"; };
		FD5ECE0813220F7800730885 /* tinyxmlparser.cpp */ = {isa = PBXFileReference; fileEncoding = 4; lastKnownFileType = sourcecode.cpp.cpp; path = tinyxmlparser.cpp; sourceTree = "<group>"; };
		FD5ECE0A13220F7800730885 /* ofxXmlSettings.cpp */ = {isa = PBXFileReference; fileEncoding = 4; lastKnownFileType = sourcecode.cpp.cpp; path = ofxXmlSettings.cpp; sourceTree = "<group>"; };
		FD5ECE0B13220F7800730885 /* ofxXmlSettings.h */ = {isa = PBXFileReference; fileEncoding = 4; lastKnownFileType = sourcecode.c.h; path = ofxXmlSettings.h; sourceTree = "<group>"; };
		FD5ECE1513220F8D00730885 /* ofxMatrix3x3.cpp */ = {isa = PBXFileReference; fileEncoding = 4; lastKnownFileType = sourcecode.cpp.cpp; path = ofxMatrix3x3.cpp; sourceTree = "<group>"; };
		FD5ECE1613220F8D00730885 /* ofxMatrix3x3.h */ = {isa = PBXFileReference; fileEncoding = 4; lastKnownFileType = sourcecode.c.h; path = ofxMatrix3x3.h; sourceTree = "<group>"; };
		FD5ECE1713220F8D00730885 /* ofxMatrix4x4.cpp */ = {isa = PBXFileReference; fileEncoding = 4; lastKnownFileType = sourcecode.cpp.cpp; path = ofxMatrix4x4.cpp; sourceTree = "<group>"; };
		FD5ECE1813220F8D00730885 /* ofxMatrix4x4.h */ = {isa = PBXFileReference; fileEncoding = 4; lastKnownFileType = sourcecode.c.h; path = ofxMatrix4x4.h; sourceTree = "<group>"; };
		FD5ECE1913220F8D00730885 /* ofxPoint2f.h */ = {isa = PBXFileReference; fileEncoding = 4; lastKnownFileType = sourcecode.c.h; path = ofxPoint2f.h; sourceTree = "<group>"; };
		FD5ECE1A13220F8D00730885 /* ofxPoint3f.h */ = {isa = PBXFileReference; fileEncoding = 4; lastKnownFileType = sourcecode.c.h; path = ofxPoint3f.h; sourceTree = "<group>"; };
		FD5ECE1B13220F8D00730885 /* ofxPoint4f.h */ = {isa = PBXFileReference; fileEncoding = 4; lastKnownFileType = sourcecode.c.h; path = ofxPoint4f.h; sourceTree = "<group>"; };
		FD5ECE1C13220F8D00730885 /* ofxQuaternion.cpp */ = {isa = PBXFileReference; fileEncoding = 4; lastKnownFileType = sourcecode.cpp.cpp; path = ofxQuaternion.cpp; sourceTree = "<group>"; };
		FD5ECE1D13220F8D00730885 /* ofxQuaternion.h */ = {isa = PBXFileReference; fileEncoding = 4; lastKnownFileType = sourcecode.c.h; path = ofxQuaternion.h; sourceTree = "<group>"; };
		FD5ECE1E13220F8D00730885 /* ofxVec2f.h */ = {isa = PBXFileReference; fileEncoding = 4; lastKnownFileType = sourcecode.c.h; path = ofxVec2f.h; sourceTree = "<group>"; };
		FD5ECE1F13220F8D00730885 /* ofxVec3f.h */ = {isa = PBXFileReference; fileEncoding = 4; lastKnownFileType = sourcecode.c.h; path = ofxVec3f.h; sourceTree = "<group>"; };
		FD5ECE2013220F8D00730885 /* ofxVec4f.h */ = {isa = PBXFileReference; fileEncoding = 4; lastKnownFileType = sourcecode.c.h; path = ofxVec4f.h; sourceTree = "<group>"; };
		FD5ECE2113220F8D00730885 /* ofxVectorMath.h */ = {isa = PBXFileReference; fileEncoding = 4; lastKnownFileType = sourcecode.c.h; path = ofxVectorMath.h; sourceTree = "<group>"; };
		FD5ECE2C13220FAB00730885 /* ofxDirList.cpp */ = {isa = PBXFileReference; fileEncoding = 4; lastKnownFileType = sourcecode.cpp.cpp; path = ofxDirList.cpp; sourceTree = "<group>"; };
		FD5ECE2D13220FAB00730885 /* ofxDirList.h */ = {isa = PBXFileReference; fileEncoding = 4; lastKnownFileType = sourcecode.c.h; path = ofxDirList.h; sourceTree = "<group>"; };
		FD5ECE541322121900730885 /* GuiManager.h */ = {isa = PBXFileReference; fileEncoding = 4; lastKnownFileType = sourcecode.c.h; name = GuiManager.h; path = GUI/GuiManager.h; sourceTree = "<group>"; };
		FD5ECE551322121900730885 /* GuiManager.cpp */ = {isa = PBXFileReference; fileEncoding = 4; lastKnownFileType = sourcecode.cpp.cpp; name = GuiManager.cpp; path = GUI/GuiManager.cpp; sourceTree = "<group>"; };
		FD5ECFA21322F59700730885 /* BaseMediaSource.h */ = {isa = PBXFileReference; fileEncoding = 4; lastKnownFileType = sourcecode.c.h; path = BaseMediaSource.h; sourceTree = "<group>"; };
		FD5ECFA31322F59700730885 /* BaseMediaSource.cpp */ = {isa = PBXFileReference; fileEncoding = 4; lastKnownFileType = sourcecode.cpp.cpp; path = BaseMediaSource.cpp; sourceTree = "<group>"; };
		FD5ECFB71322FF8800730885 /* StreamSource.h */ = {isa = PBXFileReference; fileEncoding = 4; lastKnownFileType = sourcecode.c.h; path = StreamSource.h; sourceTree = "<group>"; };
		FD5ECFB81322FF8800730885 /* StreamSource.cpp */ = {isa = PBXFileReference; fileEncoding = 4; lastKnownFileType = sourcecode.cpp.cpp; path = StreamSource.cpp; sourceTree = "<group>"; };
		FD5ECFBA1322FF9000730885 /* ImageSource.h */ = {isa = PBXFileReference; fileEncoding = 4; lastKnownFileType = sourcecode.c.h; path = ImageSource.h; sourceTree = "<group>"; };
		FD5ECFBB1322FF9000730885 /* ImageSource.cpp */ = {isa = PBXFileReference; fileEncoding = 4; lastKnownFileType = sourcecode.cpp.cpp; path = ImageSource.cpp; sourceTree = "<group>"; };
		FD5ECFBD1322FF9D00730885 /* VideoSource.h */ = {isa = PBXFileReference; fileEncoding = 4; lastKnownFileType = sourcecode.c.h; path = VideoSource.h; sourceTree = "<group>"; };
		FD5ECFBE1322FF9D00730885 /* VideoSource.cpp */ = {isa = PBXFileReference; fileEncoding = 4; lastKnownFileType = sourcecode.cpp.cpp; path = VideoSource.cpp; sourceTree = "<group>"; };
		FD5ECFC01322FFB000730885 /* GrabberSource.h */ = {isa = PBXFileReference; fileEncoding = 4; lastKnownFileType = sourcecode.c.h; path = GrabberSource.h; sourceTree = "<group>"; };
		FD5ECFC11322FFB000730885 /* GrabberSource.cpp */ = {isa = PBXFileReference; fileEncoding = 4; lastKnownFileType = sourcecode.cpp.cpp; path = GrabberSource.cpp; sourceTree = "<group>"; };
		FD69215013247CE500109E3E /* CanvasLayerTransform.h */ = {isa = PBXFileReference; fileEncoding = 4; lastKnownFileType = sourcecode.c.h; path = CanvasLayerTransform.h; sourceTree = "<group>"; };
		FD69215113247CE500109E3E /* CanvasLayerTransform.cpp */ = {isa = PBXFileReference; fileEncoding = 4; lastKnownFileType = sourcecode.cpp.cpp; path = CanvasLayerTransform.cpp; sourceTree = "<group>"; };
		FD69226313249D5C00109E3E /* BaseCanvasEffect.h */ = {isa = PBXFileReference; fileEncoding = 4; lastKnownFileType = sourcecode.c.h; path = BaseCanvasEffect.h; sourceTree = "<group>"; };
		FD69239A1324A93500109E3E /* ofxShader.cpp */ = {isa = PBXFileReference; fileEncoding = 4; lastKnownFileType = sourcecode.cpp.cpp; path = ofxShader.cpp; sourceTree = "<group>"; };
		FD69239B1324A93500109E3E /* ofxShader.h */ = {isa = PBXFileReference; fileEncoding = 4; lastKnownFileType = sourcecode.c.h; path = ofxShader.h; sourceTree = "<group>"; };
		FD6928F4132554C500109E3E /* MyCustomControllerObject.cpp */ = {isa = PBXFileReference; fileEncoding = 4; lastKnownFileType = sourcecode.cpp.cpp; path = MyCustomControllerObject.cpp; sourceTree = "<group>"; };
		FD6928F5132554C500109E3E /* MyCustomControllerObject.h */ = {isa = PBXFileReference; fileEncoding = 4; lastKnownFileType = sourcecode.c.h; path = MyCustomControllerObject.h; sourceTree = "<group>"; };
		FD692945132587D000109E3E /* EffectsManager.h */ = {isa = PBXFileReference; fileEncoding = 4; lastKnownFileType = sourcecode.c.h; path = EffectsManager.h; sourceTree = "<group>"; };
		FD692946132587D000109E3E /* EffectsManager.cpp */ = {isa = PBXFileReference; fileEncoding = 4; lastKnownFileType = sourcecode.cpp.cpp; path = EffectsManager.cpp; sourceTree = "<group>"; };
		FD69295913258CD600109E3E /* Samplers.h */ = {isa = PBXFileReference; fileEncoding = 4; lastKnownFileType = sourcecode.c.h; path = Samplers.h; sourceTree = "<group>"; };
		FD69295A13258CD600109E3E /* Samplers.cpp */ = {isa = PBXFileReference; fileEncoding = 4; lastKnownFileType = sourcecode.cpp.cpp; path = Samplers.cpp; sourceTree = "<group>"; };
		FD6929691325905800109E3E /* CanvasGroup.h */ = {isa = PBXFileReference; fileEncoding = 4; lastKnownFileType = sourcecode.c.h; path = CanvasGroup.h; sourceTree = "<group>"; };
		FD69296A1325905800109E3E /* CanvasGroup.cpp */ = {isa = PBXFileReference; fileEncoding = 4; lastKnownFileType = sourcecode.cpp.cpp; path = CanvasGroup.cpp; sourceTree = "<group>"; };
		FD82974E12A33B8D0067BF8D /* OscManager.h */ = {isa = PBXFileReference; fileEncoding = 4; lastKnownFileType = sourcecode.c.h; name = OscManager.h; path = OSC/OscManager.h; sourceTree = "<group>"; };
		FD82974F12A33B8D0067BF8D /* OscManager.cpp */ = {isa = PBXFileReference; fileEncoding = 4; lastKnownFileType = sourcecode.cpp.cpp; name = OscManager.cpp; path = OSC/OscManager.cpp; sourceTree = "<group>"; };
		FD82975212A357B40067BF8D /* OscNodeListener.h */ = {isa = PBXFileReference; fileEncoding = 4; lastKnownFileType = sourcecode.c.h; name = OscNodeListener.h; path = OSC/OscNodeListener.h; sourceTree = "<group>"; };
		FD82978C12A35B740067BF8D /* osc_match.c */ = {isa = PBXFileReference; fileEncoding = 4; lastKnownFileType = sourcecode.c.c; path = osc_match.c; sourceTree = "<group>"; };
		FD82978D12A35B740067BF8D /* osc_match.h */ = {isa = PBXFileReference; fileEncoding = 4; lastKnownFileType = sourcecode.c.h; path = osc_match.h; sourceTree = "<group>"; };
		FDE2132212E2A77300F59BC8 /* SessionManager.cpp */ = {isa = PBXFileReference; fileEncoding = 4; lastKnownFileType = sourcecode.cpp.cpp; name = SessionManager.cpp; path = sessions/SessionManager.cpp; sourceTree = "<group>"; };
		FDE2132312E2A77300F59BC8 /* SessionManager.h */ = {isa = PBXFileReference; fileEncoding = 4; lastKnownFileType = sourcecode.c.h; name = SessionManager.h; path = sessions/SessionManager.h; sourceTree = "<group>"; };
		FDE2133012E2A9BD00F59BC8 /* AssetManager.h */ = {isa = PBXFileReference; fileEncoding = 4; lastKnownFileType = sourcecode.c.h; name = AssetManager.h; path = sources/AssetManager.h; sourceTree = "<group>"; };
		FDE2133112E2A9BD00F59BC8 /* AssetManager.cpp */ = {isa = PBXFileReference; fileEncoding = 4; lastKnownFileType = sourcecode.cpp.cpp; name = AssetManager.cpp; path = sources/AssetManager.cpp; sourceTree = "<group>"; };
		FDE2133612E2B9A200F59BC8 /* ControllerManager.h */ = {isa = PBXFileReference; fileEncoding = 4; lastKnownFileType = sourcecode.c.h; name = ControllerManager.h; path = controllers/ControllerManager.h; sourceTree = "<group>"; };
		FDE2133712E2B9A200F59BC8 /* ControllerManager.cpp */ = {isa = PBXFileReference; fileEncoding = 4; lastKnownFileType = sourcecode.cpp.cpp; name = ControllerManager.cpp; path = controllers/ControllerManager.cpp; sourceTree = "<group>"; };
		FDE737741354E9020028EAD9 /* EnablerInterface.h */ = {isa = PBXFileReference; fileEncoding = 4; lastKnownFileType = sourcecode.c.h; path = EnablerInterface.h; sourceTree = "<group>"; };
		FDE737751354E9020028EAD9 /* ofxLimitedPoint.h */ = {isa = PBXFileReference; fileEncoding = 4; lastKnownFileType = sourcecode.c.h; path = ofxLimitedPoint.h; sourceTree = "<group>"; };
		FDE737761354E9020028EAD9 /* RingBuffer.h */ = {isa = PBXFileReference; fileEncoding = 4; lastKnownFileType = sourcecode.c.h; path = RingBuffer.h; sourceTree = "<group>"; };
		FDE737C01354F3A60028EAD9 /* GrabberMediaAsset.cpp */ = {isa = PBXFileReference; fileEncoding = 4; lastKnownFileType = sourcecode.cpp.cpp; path = GrabberMediaAsset.cpp; sourceTree = "<group>"; };
		FDE737C11354F3A70028EAD9 /* GrabberMediaAsset.h */ = {isa = PBXFileReference; fileEncoding = 4; lastKnownFileType = sourcecode.c.h; path = GrabberMediaAsset.h; sourceTree = "<group>"; };
		FDE737C31354F46F0028EAD9 /* ImageMediaAsset.cpp */ = {isa = PBXFileReference; fileEncoding = 4; lastKnownFileType = sourcecode.cpp.cpp; path = ImageMediaAsset.cpp; sourceTree = "<group>"; };
		FDE737C41354F4720028EAD9 /* ImageMediaAsset.h */ = {isa = PBXFileReference; fileEncoding = 4; lastKnownFileType = sourcecode.c.h; path = ImageMediaAsset.h; sourceTree = "<group>"; };
		FDE737C61354F4A30028EAD9 /* VideoMediaAsset.cpp */ = {isa = PBXFileReference; fileEncoding = 4; lastKnownFileType = sourcecode.cpp.cpp; path = VideoMediaAsset.cpp; sourceTree = "<group>"; };
		FDE737C71354F4A80028EAD9 /* VideoMediaAsset.h */ = {isa = PBXFileReference; fileEncoding = 4; lastKnownFileType = sourcecode.c.h; path = VideoMediaAsset.h; sourceTree = "<group>"; };
		FDE737C91354F4D90028EAD9 /* StreamingMediaAsset.cpp */ = {isa = PBXFileReference; fileEncoding = 4; lastKnownFileType = sourcecode.cpp.cpp; path = StreamingMediaAsset.cpp; sourceTree = "<group>"; };
		FDE737CA1354F4DF0028EAD9 /* StreamingMediaAsset.h */ = {isa = PBXFileReference; fileEncoding = 4; lastKnownFileType = sourcecode.c.h; path = StreamingMediaAsset.h; sourceTree = "<group>"; };
		FDEB524312A8E2E100CEE6C8 /* CanvasRenderer.h */ = {isa = PBXFileReference; fileEncoding = 4; lastKnownFileType = sourcecode.c.h; name = CanvasRenderer.h; path = canvas/CanvasRenderer.h; sourceTree = "<group>"; };
		FDEB524412A8E2E100CEE6C8 /* CanvasRenderer.cpp */ = {isa = PBXFileReference; fileEncoding = 4; lastKnownFileType = sourcecode.cpp.cpp; name = CanvasRenderer.cpp; path = canvas/CanvasRenderer.cpp; sourceTree = "<group>"; };
		FDF663FD12ADF68900C79694 /* CanvasLayer.cpp */ = {isa = PBXFileReference; fileEncoding = 4; lastKnownFileType = sourcecode.cpp.cpp; name = CanvasLayer.cpp; path = canvas/CanvasLayer.cpp; sourceTree = "<group>"; };
		FDF663FE12ADF68900C79694 /* CanvasLayer.h */ = {isa = PBXFileReference; fileEncoding = 4; lastKnownFileType = sourcecode.c.h; name = CanvasLayer.h; path = canvas/CanvasLayer.h; sourceTree = "<group>"; };
/* End PBXFileReference section */

/* Begin PBXFrameworksBuildPhase section */
		E4B69B590A3A1756003C02F2 /* Frameworks */ = {
			isa = PBXFrameworksBuildPhase;
			buildActionMask = 2147483647;
			files = (
				E4C2422B10CC554B004149E2 /* openFrameworksDebug.a in Frameworks */,
				E45BE0AA0E8CC67C009D7055 /* GLee.a in Frameworks */,
				E45BE2E40E8CC69C009D7055 /* rtAudio.a in Frameworks */,
				E45BE97B0E8CC7DD009D7055 /* AGL.framework in Frameworks */,
				E45BE97C0E8CC7DD009D7055 /* ApplicationServices.framework in Frameworks */,
				E45BE97D0E8CC7DD009D7055 /* AudioToolbox.framework in Frameworks */,
				E45BE97E0E8CC7DD009D7055 /* Carbon.framework in Frameworks */,
				E45BE97F0E8CC7DD009D7055 /* CoreAudio.framework in Frameworks */,
				E45BE9800E8CC7DD009D7055 /* CoreFoundation.framework in Frameworks */,
				E45BE9810E8CC7DD009D7055 /* CoreServices.framework in Frameworks */,
				E45BE9830E8CC7DD009D7055 /* OpenGL.framework in Frameworks */,
				E45BE9840E8CC7DD009D7055 /* QuickTime.framework in Frameworks */,
				E4C2424710CC5A17004149E2 /* AppKit.framework in Frameworks */,
				E4C2424810CC5A17004149E2 /* Cocoa.framework in Frameworks */,
				E4C2424910CC5A17004149E2 /* IOKit.framework in Frameworks */,
				E4C2426610CC5A78004149E2 /* GLUT.framework in Frameworks */,
				E4C2427F10CC5B66004149E2 /* CppUnit.a in Frameworks */,
				E4C2428010CC5B66004149E2 /* PocoFoundation.a in Frameworks */,
				E4C2428110CC5B66004149E2 /* PocoNet.a in Frameworks */,
				E4C2428210CC5B66004149E2 /* PocoUtil.a in Frameworks */,
				E4C2428310CC5B66004149E2 /* PocoXML.a in Frameworks */,
				E4C2428710CC5BBD004149E2 /* osc.a in Frameworks */,
				E4C2429410CC5C38004149E2 /* freetype.a in Frameworks */,
				E4C242CD10CC650E004149E2 /* libfmodex.dylib in Frameworks */,
				E49DA86610CD41910006B5A8 /* freeimage.a in Frameworks */,
			);
			runOnlyForDeploymentPostprocessing = 0;
		};
/* End PBXFrameworksBuildPhase section */

/* Begin PBXGroup section */
		E44665C70F5B3E03005D0BF0 /* addons */ = {
			isa = PBXGroup;
			children = (
				FDE737721354E9020028EAD9 /* ofxUtils */,
				FD5DAE4A132A9C6600AA32B5 /* ofxFbo */,
				FD5DAE46132A9C4900AA32B5 /* ofxFenster */,
				FD6923981324A92700109E3E /* ofxShader */,
				FD5ECE2713220FAB00730885 /* ofxDirList */,
				FD5ECE1213220F8D00730885 /* ofxVectorMath */,
				FD5ECE0213220F7800730885 /* ofxXmlSettings */,
				FD5ECD6F13220ED100730885 /* ofxGui */,
				E446668C0F5B3E04005D0BF0 /* ofxOsc */,
			);
			name = addons;
			path = ../../../addons;
			sourceTree = SOURCE_ROOT;
		};
		E446668C0F5B3E04005D0BF0 /* ofxOsc */ = {
			isa = PBXGroup;
			children = (
				E44666990F5B3E04005D0BF0 /* libs */,
				E44666B50F5B3E04005D0BF0 /* src */,
			);
			name = ofxOsc;
			path = ../../../addons/ofxOsc;
			sourceTree = SOURCE_ROOT;
		};
		E44666990F5B3E04005D0BF0 /* libs */ = {
			isa = PBXGroup;
			children = (
				E446669A0F5B3E04005D0BF0 /* oscpack */,
			);
			name = libs;
			path = ../../../addons/ofxOsc/libs;
			sourceTree = SOURCE_ROOT;
		};
		E446669A0F5B3E04005D0BF0 /* oscpack */ = {
			isa = PBXGroup;
			children = (
				E446669B0F5B3E04005D0BF0 /* include */,
				E44666AB0F5B3E04005D0BF0 /* lib */,
			);
			name = oscpack;
			path = ../../../addons/ofxOsc/libs/oscpack;
			sourceTree = SOURCE_ROOT;
		};
		E446669B0F5B3E04005D0BF0 /* include */ = {
			isa = PBXGroup;
			children = (
				E446669C0F5B3E04005D0BF0 /* ip */,
				E44666A20F5B3E04005D0BF0 /* osc */,
			);
			name = include;
			path = ../../../addons/ofxOsc/libs/oscpack/include;
			sourceTree = SOURCE_ROOT;
		};
		E446669C0F5B3E04005D0BF0 /* ip */ = {
			isa = PBXGroup;
			children = (
				E446669D0F5B3E04005D0BF0 /* IpEndpointName.h */,
				E446669E0F5B3E04005D0BF0 /* NetworkingUtils.h */,
				E446669F0F5B3E04005D0BF0 /* PacketListener.h */,
				E44666A00F5B3E04005D0BF0 /* TimerListener.h */,
				E44666A10F5B3E04005D0BF0 /* UdpSocket.h */,
			);
			name = ip;
			path = ../../../addons/ofxOsc/libs/oscpack/include/ip;
			sourceTree = SOURCE_ROOT;
		};
		E44666A20F5B3E04005D0BF0 /* osc */ = {
			isa = PBXGroup;
			children = (
				E44666A30F5B3E04005D0BF0 /* MessageMappingOscPacketListener.h */,
				E44666A40F5B3E04005D0BF0 /* OscException.h */,
				E44666A50F5B3E04005D0BF0 /* OscHostEndianness.h */,
				E44666A60F5B3E04005D0BF0 /* OscOutboundPacketStream.h */,
				E44666A70F5B3E04005D0BF0 /* OscPacketListener.h */,
				E44666A80F5B3E04005D0BF0 /* OscPrintReceivedElements.h */,
				E44666A90F5B3E04005D0BF0 /* OscReceivedElements.h */,
				E44666AA0F5B3E04005D0BF0 /* OscTypes.h */,
			);
			name = osc;
			path = ../../../addons/ofxOsc/libs/oscpack/include/osc;
			sourceTree = SOURCE_ROOT;
		};
		E44666AB0F5B3E04005D0BF0 /* lib */ = {
			isa = PBXGroup;
			children = (
				E44666AF0F5B3E04005D0BF0 /* osx */,
			);
			name = lib;
			path = ../../../addons/ofxOsc/libs/oscpack/lib;
			sourceTree = SOURCE_ROOT;
		};
		E44666AF0F5B3E04005D0BF0 /* osx */ = {
			isa = PBXGroup;
			children = (
				E4C2428610CC5BBD004149E2 /* osc.a */,
			);
			name = osx;
			path = ../../../addons/ofxOsc/libs/oscpack/lib/osx;
			sourceTree = SOURCE_ROOT;
		};
		E44666B50F5B3E04005D0BF0 /* src */ = {
			isa = PBXGroup;
			children = (
				E44666B60F5B3E04005D0BF0 /* ofxOsc.h */,
				E44666B70F5B3E04005D0BF0 /* ofxOscArg.h */,
				E44666B80F5B3E04005D0BF0 /* ofxOscBundle.cpp */,
				E44666B90F5B3E04005D0BF0 /* ofxOscBundle.h */,
				E44666BA0F5B3E04005D0BF0 /* ofxOscMessage.cpp */,
				E44666BB0F5B3E04005D0BF0 /* ofxOscMessage.h */,
				E44666BC0F5B3E04005D0BF0 /* ofxOscReceiver.cpp */,
				E44666BD0F5B3E04005D0BF0 /* ofxOscReceiver.h */,
				E44666BE0F5B3E04005D0BF0 /* ofxOscSender.cpp */,
				E44666BF0F5B3E04005D0BF0 /* ofxOscSender.h */,
			);
			name = src;
			path = ../../../addons/ofxOsc/src;
			sourceTree = SOURCE_ROOT;
		};
		E45BE0360E8CC5DE009D7055 /* libs */ = {
			isa = PBXGroup;
			children = (
				E45BEED60E8CCB34009D7055 /* core */,
			);
			name = libs;
			sourceTree = "<group>";
		};
		E45BE0370E8CC647009D7055 /* freeimage */ = {
			isa = PBXGroup;
			children = (
				E49DA86410CD41910006B5A8 /* osx */,
				E45BE0380E8CC647009D7055 /* include */,
			);
			name = freeimage;
			path = ../../../libs/freeimage;
			sourceTree = SOURCE_ROOT;
		};
		E45BE0380E8CC647009D7055 /* include */ = {
			isa = PBXGroup;
			children = (
				E45BE0390E8CC647009D7055 /* FreeImage.h */,
			);
			name = include;
			path = ../../../libs/freeimage/include;
			sourceTree = SOURCE_ROOT;
		};
		E45BE03D0E8CC650009D7055 /* fmodex */ = {
			isa = PBXGroup;
			children = (
				E45BE03E0E8CC650009D7055 /* inc */,
				E4C2428E10CC5C18004149E2 /* osx */,
			);
			name = fmodex;
			path = ../../../libs/fmodex;
			sourceTree = SOURCE_ROOT;
		};
		E45BE03E0E8CC650009D7055 /* inc */ = {
			isa = PBXGroup;
			children = (
				E45BE03F0E8CC650009D7055 /* fmod.h */,
				E45BE0400E8CC650009D7055 /* fmod.hpp */,
				E45BE0410E8CC650009D7055 /* fmod_codec.h */,
				E45BE0420E8CC650009D7055 /* fmod_dsp.h */,
				E45BE0430E8CC650009D7055 /* fmod_errors.h */,
				E45BE0440E8CC650009D7055 /* fmod_output.h */,
			);
			name = inc;
			path = ../../../libs/fmodex/include;
			sourceTree = SOURCE_ROOT;
		};
		E45BE0480E8CC657009D7055 /* core libraries */ = {
			isa = PBXGroup;
			children = (
				E4C2425B10CC5A78004149E2 /* glut */,
				E45BEC7B0E8CC911009D7055 /* poco */,
				E45BE2D50E8CC69C009D7055 /* rtAudio */,
				E45BE0A50E8CC67C009D7055 /* GLee */,
				E45BE0490E8CC676009D7055 /* freetype */,
				E45BE03D0E8CC650009D7055 /* fmodex */,
				E45BE0370E8CC647009D7055 /* freeimage */,
			);
			name = "core libraries";
			sourceTree = "<group>";
		};
		E45BE0490E8CC676009D7055 /* freetype */ = {
			isa = PBXGroup;
			children = (
				E4C2429210CC5C38004149E2 /* osx */,
			);
			name = freetype;
			path = ../../../libs/freetype;
			sourceTree = SOURCE_ROOT;
		};
		E45BE0A50E8CC67C009D7055 /* GLee */ = {
			isa = PBXGroup;
			children = (
				E45BE0A60E8CC67C009D7055 /* include */,
				E45BE0A80E8CC67C009D7055 /* lib */,
			);
			name = GLee;
			path = ../../../libs/GLee;
			sourceTree = SOURCE_ROOT;
		};
		E45BE0A60E8CC67C009D7055 /* include */ = {
			isa = PBXGroup;
			children = (
				E45BE0A70E8CC67C009D7055 /* GLee.h */,
			);
			name = include;
			path = ../../../libs/GLee/include;
			sourceTree = SOURCE_ROOT;
		};
		E45BE0A80E8CC67C009D7055 /* lib */ = {
			isa = PBXGroup;
			children = (
				E45BE0A90E8CC67C009D7055 /* GLee.a */,
			);
			name = lib;
			path = ../../../libs/GLee/lib/osx;
			sourceTree = SOURCE_ROOT;
		};
		E45BE2D50E8CC69C009D7055 /* rtAudio */ = {
			isa = PBXGroup;
			children = (
				E45BE2D60E8CC69C009D7055 /* include */,
				E45BE2E20E8CC69C009D7055 /* lib */,
			);
			name = rtAudio;
			path = ../../../libs/rtAudio;
			sourceTree = SOURCE_ROOT;
		};
		E45BE2D60E8CC69C009D7055 /* include */ = {
			isa = PBXGroup;
			children = (
				E45BE2D70E8CC69C009D7055 /* asio */,
				E45BE2E00E8CC69C009D7055 /* RtAudio.h */,
				E45BE2E10E8CC69C009D7055 /* RtError.h */,
			);
			name = include;
			path = ../../../libs/rtAudio/include;
			sourceTree = SOURCE_ROOT;
		};
		E45BE2D70E8CC69C009D7055 /* asio */ = {
			isa = PBXGroup;
			children = (
			);
			name = asio;
			path = ../../../libs/rtAudio/include/asio;
			sourceTree = SOURCE_ROOT;
		};
		E45BE2E20E8CC69C009D7055 /* lib */ = {
			isa = PBXGroup;
			children = (
				E45BE2E30E8CC69C009D7055 /* rtAudio.a */,
			);
			name = lib;
			path = ../../../libs/rtAudio/lib/osx;
			sourceTree = SOURCE_ROOT;
		};
		E45BE5980E8CC70C009D7055 /* core frameworks */ = {
			isa = PBXGroup;
			children = (
				E4C2424410CC5A17004149E2 /* AppKit.framework */,
				E4C2424510CC5A17004149E2 /* Cocoa.framework */,
				E4C2424610CC5A17004149E2 /* IOKit.framework */,
				E45BE9710E8CC7DD009D7055 /* AGL.framework */,
				E45BE9720E8CC7DD009D7055 /* ApplicationServices.framework */,
				E45BE9730E8CC7DD009D7055 /* AudioToolbox.framework */,
				E45BE9740E8CC7DD009D7055 /* Carbon.framework */,
				E45BE9750E8CC7DD009D7055 /* CoreAudio.framework */,
				E45BE9760E8CC7DD009D7055 /* CoreFoundation.framework */,
				E45BE9770E8CC7DD009D7055 /* CoreServices.framework */,
				E45BE9790E8CC7DD009D7055 /* OpenGL.framework */,
				E45BE97A0E8CC7DD009D7055 /* QuickTime.framework */,
			);
			name = "core frameworks";
			sourceTree = "<group>";
		};
		E45BEC7B0E8CC911009D7055 /* poco */ = {
			isa = PBXGroup;
			children = (
				E4C2427910CC5B66004149E2 /* osx */,
			);
			name = poco;
			path = ../../../libs/poco;
			sourceTree = SOURCE_ROOT;
		};
		E45BEED60E8CCB34009D7055 /* core */ = {
			isa = PBXGroup;
			children = (
				E45BE0480E8CC657009D7055 /* core libraries */,
				E45BE5980E8CC70C009D7055 /* core frameworks */,
			);
			name = core;
			sourceTree = "<group>";
		};
		E49DA86410CD41910006B5A8 /* osx */ = {
			isa = PBXGroup;
			children = (
				E49DA86510CD41910006B5A8 /* freeimage.a */,
			);
			name = osx;
			path = ../../../libs/FreeImage/lib/osx;
			sourceTree = SOURCE_ROOT;
		};
		E4B69B4A0A3A1720003C02F2 = {
			isa = PBXGroup;
			children = (
				E4B69E1C0A3A1BDC003C02F2 /* src */,
				E4B69B5B0A3A1756003C02F2 /* livedrawDebug.app */,
				E4B6FCAD0C3E899E008CF71C /* openFrameworks-Info.plist */,
				E4C2422310CC54B6004149E2 /* openFrameworks */,
				E44665C70F5B3E03005D0BF0 /* addons */,
				E45BE0360E8CC5DE009D7055 /* libs */,
			);
			sourceTree = "<group>";
		};
		E4B69E1C0A3A1BDC003C02F2 /* src */ = {
			isa = PBXGroup;
			children = (
				FD69215313247D5900109E3E /* utilities */,
				FDE2130412E2A71E00F59BC8 /* sessions */,
				FDE2130312E2A71000F59BC8 /* controllers */,
				FDE2130212E2A70600F59BC8 /* sources */,
				FDEB523D12A8E27F00CEE6C8 /* canvas */,
				E4B69E1D0A3A1BDC003C02F2 /* main.cpp */,
				E4B69E1E0A3A1BDC003C02F2 /* livedrawApp.cpp */,
				E4B69E1F0A3A1BDC003C02F2 /* livedrawApp.h */,
			);
			path = src;
			sourceTree = "<group>";
		};
		E4C2421710CC549C004149E2 /* Products */ = {
			isa = PBXGroup;
			children = (
				E4C2421E10CC549C004149E2 /* openFrameworksDebug.a */,
			);
			name = Products;
			sourceTree = "<group>";
		};
		E4C2422310CC54B6004149E2 /* openFrameworks */ = {
			isa = PBXGroup;
			children = (
				E4C2421610CC549C004149E2 /* openFrameworksLib.xcodeproj */,
			);
			name = openFrameworks;
			sourceTree = "<group>";
		};
		E4C2425B10CC5A78004149E2 /* glut */ = {
			isa = PBXGroup;
			children = (
				E4C2425D10CC5A78004149E2 /* lib */,
			);
			name = glut;
			path = ../../../libs/glut;
			sourceTree = SOURCE_ROOT;
		};
		E4C2425D10CC5A78004149E2 /* lib */ = {
			isa = PBXGroup;
			children = (
				E4C2425E10CC5A78004149E2 /* osx */,
			);
			name = lib;
			path = ../../../libs/glut/lib;
			sourceTree = SOURCE_ROOT;
		};
		E4C2425E10CC5A78004149E2 /* osx */ = {
			isa = PBXGroup;
			children = (
				E4C2425F10CC5A78004149E2 /* GLUT.framework */,
			);
			name = osx;
			path = ../../../libs/glut/lib/osx;
			sourceTree = SOURCE_ROOT;
		};
		E4C2427910CC5B66004149E2 /* osx */ = {
			isa = PBXGroup;
			children = (
				E4C2427A10CC5B66004149E2 /* CppUnit.a */,
				E4C2427B10CC5B66004149E2 /* PocoFoundation.a */,
				E4C2427C10CC5B66004149E2 /* PocoNet.a */,
				E4C2427D10CC5B66004149E2 /* PocoUtil.a */,
				E4C2427E10CC5B66004149E2 /* PocoXML.a */,
			);
			name = osx;
			path = ../../../libs/poco/lib/osx;
			sourceTree = SOURCE_ROOT;
		};
		E4C2428E10CC5C18004149E2 /* osx */ = {
			isa = PBXGroup;
			children = (
				E4C242CC10CC650E004149E2 /* libfmodex.dylib */,
			);
			name = osx;
			path = ../../../libs/fmodex/lib/osx;
			sourceTree = SOURCE_ROOT;
		};
		E4C2429210CC5C38004149E2 /* osx */ = {
			isa = PBXGroup;
			children = (
				E4C2429310CC5C38004149E2 /* freetype.a */,
			);
			name = osx;
			path = ../../../libs/freetype/lib/osx;
			sourceTree = SOURCE_ROOT;
		};
		FD5DAE46132A9C4900AA32B5 /* ofxFenster */ = {
			isa = PBXGroup;
			children = (
				FD5DAE47132A9C4900AA32B5 /* ofxFenster.cpp */,
				FD5DAE48132A9C4900AA32B5 /* ofxFenster.h */,
			);
			path = ofxFenster;
			sourceTree = "<group>";
		};
		FD5DAE4A132A9C6600AA32B5 /* ofxFbo */ = {
			isa = PBXGroup;
			children = (
				FD5DAE4B132A9C6600AA32B5 /* ofxFbo.cpp */,
				FD5DAE4C132A9C6600AA32B5 /* ofxFbo.h */,
			);
			name = ofxFbo;
			path = "../../../dev/kyle-read-only/openframeworks/addons/ofxFbo/src";
			sourceTree = SOURCE_ROOT;
		};
		FD5DAF98132ABDD100AA32B5 /* assets */ = {
			isa = PBXGroup;
			children = (
				FD5DAECD132AA9E100AA32B5 /* BaseMediaAsset.h */,
				FD5DAECE132AA9E100AA32B5 /* BaseMediaAsset.cpp */,
				FDE737C01354F3A60028EAD9 /* GrabberMediaAsset.cpp */,
				FDE737C11354F3A70028EAD9 /* GrabberMediaAsset.h */,
				FDE737C31354F46F0028EAD9 /* ImageMediaAsset.cpp */,
				FDE737C41354F4720028EAD9 /* ImageMediaAsset.h */,
				FDE737C61354F4A30028EAD9 /* VideoMediaAsset.cpp */,
				FDE737C71354F4A80028EAD9 /* VideoMediaAsset.h */,
				FDE737C91354F4D90028EAD9 /* StreamingMediaAsset.cpp */,
				FDE737CA1354F4DF0028EAD9 /* StreamingMediaAsset.h */,
			);
			name = assets;
			sourceTree = "<group>";
		};
		FD5ECD6F13220ED100730885 /* ofxGui */ = {
			isa = PBXGroup;
			children = (
				FD5ECD9B13220ED100730885 /* src */,
			);
			path = ofxGui;
			sourceTree = "<group>";
		};
		FD5ECD9B13220ED100730885 /* src */ = {
			isa = PBXGroup;
			children = (
				FD5ECD9C13220ED100730885 /* ofxGui.cpp */,
				FD5ECD9D13220ED100730885 /* ofxGui.h */,
				FD5ECD9E13220ED100730885 /* ofxGuiApp.h */,
				FD5ECD9F13220ED100730885 /* ofxGuiButton.cpp */,
				FD5ECDA013220ED100730885 /* ofxGuiButton.h */,
				FD5ECDA313220ED100730885 /* ofxGuiEvents.cpp */,
				FD5ECDA413220ED100730885 /* ofxGuiEvents.h */,
				FD5ECDAB13220ED100730885 /* ofxGuiGlobals.cpp */,
				FD5ECDAC13220ED100730885 /* ofxGuiGlobals.h */,
				FD5ECDB313220ED100730885 /* ofxGuiObject.cpp */,
				FD5ECDB413220ED100730885 /* ofxGuiObject.h */,
				FD5ECDB513220ED100730885 /* ofxGuiPanel.cpp */,
				FD5ECDB613220ED100730885 /* ofxGuiPanel.h */,
				FD5ECDC113220ED100730885 /* ofxGuiTypes.h */,
				FD5ECDC413220ED200730885 /* ofxKeyMap.cpp */,
				FD5ECDC513220ED200730885 /* ofxKeyMap.h */,
			);
			path = src;
			sourceTree = "<group>";
		};
		FD5ECE0213220F7800730885 /* ofxXmlSettings */ = {
			isa = PBXGroup;
			children = (
				FD5ECE0413220F7800730885 /* libs */,
				FD5ECE0913220F7800730885 /* src */,
			);
			path = ofxXmlSettings;
			sourceTree = "<group>";
		};
		FD5ECE0413220F7800730885 /* libs */ = {
			isa = PBXGroup;
			children = (
				FD5ECE0513220F7800730885 /* tinyxml.cpp */,
				FD5ECE0613220F7800730885 /* tinyxml.h */,
				FD5ECE0713220F7800730885 /* tinyxmlerror.cpp */,
				FD5ECE0813220F7800730885 /* tinyxmlparser.cpp */,
			);
			path = libs;
			sourceTree = "<group>";
		};
		FD5ECE0913220F7800730885 /* src */ = {
			isa = PBXGroup;
			children = (
				FD5ECE0A13220F7800730885 /* ofxXmlSettings.cpp */,
				FD5ECE0B13220F7800730885 /* ofxXmlSettings.h */,
			);
			path = src;
			sourceTree = "<group>";
		};
		FD5ECE1213220F8D00730885 /* ofxVectorMath */ = {
			isa = PBXGroup;
			children = (
				FD5ECE1413220F8D00730885 /* src */,
			);
			path = ofxVectorMath;
			sourceTree = "<group>";
		};
		FD5ECE1413220F8D00730885 /* src */ = {
			isa = PBXGroup;
			children = (
				FD5ECE1513220F8D00730885 /* ofxMatrix3x3.cpp */,
				FD5ECE1613220F8D00730885 /* ofxMatrix3x3.h */,
				FD5ECE1713220F8D00730885 /* ofxMatrix4x4.cpp */,
				FD5ECE1813220F8D00730885 /* ofxMatrix4x4.h */,
				FD5ECE1913220F8D00730885 /* ofxPoint2f.h */,
				FD5ECE1A13220F8D00730885 /* ofxPoint3f.h */,
				FD5ECE1B13220F8D00730885 /* ofxPoint4f.h */,
				FD5ECE1C13220F8D00730885 /* ofxQuaternion.cpp */,
				FD5ECE1D13220F8D00730885 /* ofxQuaternion.h */,
				FD5ECE1E13220F8D00730885 /* ofxVec2f.h */,
				FD5ECE1F13220F8D00730885 /* ofxVec3f.h */,
				FD5ECE2013220F8D00730885 /* ofxVec4f.h */,
				FD5ECE2113220F8D00730885 /* ofxVectorMath.h */,
			);
			path = src;
			sourceTree = "<group>";
		};
		FD5ECE2713220FAB00730885 /* ofxDirList */ = {
			isa = PBXGroup;
			children = (
				FD5ECE2B13220FAB00730885 /* src */,
			);
			path = ofxDirList;
			sourceTree = "<group>";
		};
		FD5ECE2B13220FAB00730885 /* src */ = {
			isa = PBXGroup;
			children = (
				FD5ECE2C13220FAB00730885 /* ofxDirList.cpp */,
				FD5ECE2D13220FAB00730885 /* ofxDirList.h */,
			);
			path = src;
			sourceTree = "<group>";
		};
		FD5ECE571322121E00730885 /* GUI */ = {
			isa = PBXGroup;
			children = (
				FD6928CB132554B400109E3E /* Elements */,
				FD5ECE541322121900730885 /* GuiManager.h */,
				FD5ECE551322121900730885 /* GuiManager.cpp */,
			);
			name = GUI;
			sourceTree = "<group>";
		};
		FD5ECFA51322F5A700730885 /* implementations */ = {
			isa = PBXGroup;
			children = (
				FD5ECFB71322FF8800730885 /* StreamSource.h */,
				FD5ECFB81322FF8800730885 /* StreamSource.cpp */,
				FD5ECFBA1322FF9000730885 /* ImageSource.h */,
				FD5ECFBB1322FF9000730885 /* ImageSource.cpp */,
				FD5ECFBD1322FF9D00730885 /* VideoSource.h */,
				FD5ECFBE1322FF9D00730885 /* VideoSource.cpp */,
				FD5ECFC01322FFB000730885 /* GrabberSource.h */,
				FD5ECFC11322FFB000730885 /* GrabberSource.cpp */,
			);
			name = implementations;
			sourceTree = "<group>";
		};
		FD691FF11324550200109E3E /* mediasource */ = {
			isa = PBXGroup;
			children = (
				FD5ECFA21322F59700730885 /* BaseMediaSource.h */,
				FD5ECFA31322F59700730885 /* BaseMediaSource.cpp */,
			);
			name = mediasource;
			sourceTree = "<group>";
		};
		FD69214813247C8600109E3E /* layers */ = {
			isa = PBXGroup;
			children = (
				FD69214F13247CD700109E3E /* transforms */,
				FD69214913247C9000109E3E /* effects */,
				FDF663FD12ADF68900C79694 /* CanvasLayer.cpp */,
				FDF663FE12ADF68900C79694 /* CanvasLayer.h */,
			);
			name = layers;
			sourceTree = "<group>";
		};
		FD69214913247C9000109E3E /* effects */ = {
			isa = PBXGroup;
			children = (
				FD692945132587D000109E3E /* EffectsManager.h */,
				FD692946132587D000109E3E /* EffectsManager.cpp */,
				FD69226313249D5C00109E3E /* BaseCanvasEffect.h */,
			);
			name = effects;
			sourceTree = "<group>";
		};
		FD69214F13247CD700109E3E /* transforms */ = {
			isa = PBXGroup;
			children = (
				FD69215013247CE500109E3E /* CanvasLayerTransform.h */,
				FD69215113247CE500109E3E /* CanvasLayerTransform.cpp */,
			);
			name = transforms;
			sourceTree = "<group>";
		};
		FD69215313247D5900109E3E /* utilities */ = {
			isa = PBXGroup;
			children = (
				FD5DAF4E132ABB6100AA32B5 /* Types.h */,
			);
			path = utilities;
			sourceTree = "<group>";
		};
		FD6923981324A92700109E3E /* ofxShader */ = {
			isa = PBXGroup;
			children = (
				FD6923991324A93500109E3E /* src */,
			);
			name = ofxShader;
			sourceTree = "<group>";
		};
		FD6923991324A93500109E3E /* src */ = {
			isa = PBXGroup;
			children = (
				FD69239A1324A93500109E3E /* ofxShader.cpp */,
				FD69239B1324A93500109E3E /* ofxShader.h */,
			);
			name = src;
			path = "../../../dev/kyle-read-only/openframeworks/addons/ofxShader/src";
			sourceTree = SOURCE_ROOT;
		};
		FD6928CB132554B400109E3E /* Elements */ = {
			isa = PBXGroup;
			children = (
				FD6928F4132554C500109E3E /* MyCustomControllerObject.cpp */,
				FD6928F5132554C500109E3E /* MyCustomControllerObject.h */,
			);
			name = Elements;
			sourceTree = "<group>";
		};
		FD69295813258CC400109E3E /* sampler */ = {
			isa = PBXGroup;
			children = (
				FD69295913258CD600109E3E /* Samplers.h */,
				FD69295A13258CD600109E3E /* Samplers.cpp */,
			);
			name = sampler;
			sourceTree = "<group>";
		};
		FD69296C1325906000109E3E /* groups */ = {
			isa = PBXGroup;
			children = (
				FD6929691325905800109E3E /* CanvasGroup.h */,
				FD69296A1325905800109E3E /* CanvasGroup.cpp */,
			);
			name = groups;
			sourceTree = "<group>";
		};
		FD82975112A33BA40067BF8D /* OSC */ = {
			isa = PBXGroup;
			children = (
				FD82978B12A35B740067BF8D /* cnmat */,
				FD82974E12A33B8D0067BF8D /* OscManager.h */,
				FD82974F12A33B8D0067BF8D /* OscManager.cpp */,
				FD82975212A357B40067BF8D /* OscNodeListener.h */,
			);
			name = OSC;
			sourceTree = "<group>";
		};
		FD82978B12A35B740067BF8D /* cnmat */ = {
			isa = PBXGroup;
			children = (
				FD82978C12A35B740067BF8D /* osc_match.c */,
				FD82978D12A35B740067BF8D /* osc_match.h */,
			);
			name = cnmat;
			path = OSC/cnmat;
			sourceTree = "<group>";
		};
		FDE2130212E2A70600F59BC8 /* sources */ = {
			isa = PBXGroup;
			children = (
				FD5DAF98132ABDD100AA32B5 /* assets */,
				FD69295813258CC400109E3E /* sampler */,
				FD691FF11324550200109E3E /* mediasource */,
				FD5ECFA51322F5A700730885 /* implementations */,
				FDE2133012E2A9BD00F59BC8 /* AssetManager.h */,
				FDE2133112E2A9BD00F59BC8 /* AssetManager.cpp */,
			);
			name = sources;
			sourceTree = "<group>";
		};
		FDE2130312E2A71000F59BC8 /* controllers */ = {
			isa = PBXGroup;
			children = (
				FD5ECE571322121E00730885 /* GUI */,
				FD82975112A33BA40067BF8D /* OSC */,
				FDE2133612E2B9A200F59BC8 /* ControllerManager.h */,
				FDE2133712E2B9A200F59BC8 /* ControllerManager.cpp */,
			);
			name = controllers;
			sourceTree = "<group>";
		};
		FDE2130412E2A71E00F59BC8 /* sessions */ = {
			isa = PBXGroup;
			children = (
				FDE2132212E2A77300F59BC8 /* SessionManager.cpp */,
				FDE2132312E2A77300F59BC8 /* SessionManager.h */,
			);
			name = sessions;
			sourceTree = "<group>";
		};
		FDE737721354E9020028EAD9 /* ofxUtils */ = {
			isa = PBXGroup;
			children = (
				FDE737731354E9020028EAD9 /* src */,
			);
			name = ofxUtils;
			path = ../apps/MAW2/ofxUtils;
			sourceTree = "<group>";
		};
		FDE737731354E9020028EAD9 /* src */ = {
			isa = PBXGroup;
			children = (
				FDE737741354E9020028EAD9 /* EnablerInterface.h */,
				FDE737751354E9020028EAD9 /* ofxLimitedPoint.h */,
				FDE737761354E9020028EAD9 /* RingBuffer.h */,
			);
			path = src;
			sourceTree = "<group>";
		};
		FDEB523D12A8E27F00CEE6C8 /* canvas */ = {
			isa = PBXGroup;
			children = (
				FD69296C1325906000109E3E /* groups */,
				FD69214813247C8600109E3E /* layers */,
				FDEB524312A8E2E100CEE6C8 /* CanvasRenderer.h */,
				FDEB524412A8E2E100CEE6C8 /* CanvasRenderer.cpp */,
			);
			name = canvas;
			sourceTree = "<group>";
		};
/* End PBXGroup section */

/* Begin PBXNativeTarget section */
		E4B69B5A0A3A1756003C02F2 /* livedraw */ = {
			isa = PBXNativeTarget;
			buildConfigurationList = E4B69B5F0A3A1757003C02F2 /* Build configuration list for PBXNativeTarget "livedraw" */;
			buildPhases = (
				E4B69B580A3A1756003C02F2 /* Sources */,
				E4B69B590A3A1756003C02F2 /* Frameworks */,
				E4B6FFFD0C3F9AB9008CF71C /* ShellScript */,
				E4C2427710CC5ABF004149E2 /* CopyFiles */,
				E4C2444710CC769B004149E2 /* CopyFiles */,
			);
			buildRules = (
			);
			dependencies = (
				E4C2422810CC54DA004149E2 /* PBXTargetDependency */,
			);
			name = livedraw;
			productName = myOFApp;
			productReference = E4B69B5B0A3A1756003C02F2 /* livedrawDebug.app */;
			productType = "com.apple.product-type.application";
		};
/* End PBXNativeTarget section */

/* Begin PBXProject section */
		E4B69B4C0A3A1720003C02F2 /* Project object */ = {
			isa = PBXProject;
			buildConfigurationList = E4B69B4D0A3A1720003C02F2 /* Build configuration list for PBXProject "livedraw" */;
			compatibilityVersion = "Xcode 2.4";
			developmentRegion = English;
			hasScannedForEncodings = 0;
			knownRegions = (
				English,
				Japanese,
				French,
				German,
			);
			mainGroup = E4B69B4A0A3A1720003C02F2;
			productRefGroup = E4B69B4A0A3A1720003C02F2;
			projectDirPath = "";
			projectReferences = (
				{
					ProductGroup = E4C2421710CC549C004149E2 /* Products */;
					ProjectRef = E4C2421610CC549C004149E2 /* openFrameworksLib.xcodeproj */;
				},
			);
			projectRoot = "";
			targets = (
				E4B69B5A0A3A1756003C02F2 /* livedraw */,
			);
		};
/* End PBXProject section */

/* Begin PBXReferenceProxy section */
		E4C2421E10CC549C004149E2 /* openFrameworksDebug.a */ = {
			isa = PBXReferenceProxy;
			fileType = archive.ar;
			path = openFrameworksDebug.a;
			remoteRef = E4C2421D10CC549C004149E2 /* PBXContainerItemProxy */;
			sourceTree = BUILT_PRODUCTS_DIR;
		};
/* End PBXReferenceProxy section */

/* Begin PBXShellScriptBuildPhase section */
		E4B6FFFD0C3F9AB9008CF71C /* ShellScript */ = {
			isa = PBXShellScriptBuildPhase;
			buildActionMask = 2147483647;
			files = (
			);
			inputPaths = (
			);
			outputPaths = (
			);
			runOnlyForDeploymentPostprocessing = 0;
			shellPath = /bin/sh;
			shellScript = "cp -f ../../../libs/fmodex/lib/osx/libfmodex.dylib \"$TARGET_BUILD_DIR/$PRODUCT_NAME.app/Contents/MacOS/libfmodex.dylib\"\ninstall_name_tool -change ./libfmodex.dylib @executable_path/libfmodex.dylib \"$TARGET_BUILD_DIR/$PRODUCT_NAME.app/Contents/MacOS/$PRODUCT_NAME\" ";
		};
/* End PBXShellScriptBuildPhase section */

/* Begin PBXSourcesBuildPhase section */
		E4B69B580A3A1756003C02F2 /* Sources */ = {
			isa = PBXSourcesBuildPhase;
			buildActionMask = 2147483647;
			files = (
				E4B69E200A3A1BDC003C02F2 /* main.cpp in Sources */,
				E4B69E210A3A1BDC003C02F2 /* livedrawApp.cpp in Sources */,
				E44667680F5B3E04005D0BF0 /* ofxOscBundle.cpp in Sources */,
				E44667690F5B3E04005D0BF0 /* ofxOscMessage.cpp in Sources */,
				E446676A0F5B3E04005D0BF0 /* ofxOscReceiver.cpp in Sources */,
				E446676B0F5B3E04005D0BF0 /* ofxOscSender.cpp in Sources */,
				FD82975012A33B8D0067BF8D /* OscManager.cpp in Sources */,
				FD82978E12A35B740067BF8D /* osc_match.c in Sources */,
				FDF6639612AC9E6700C79694 /* CanvasRenderer.cpp in Sources */,
				FDF663FF12ADF68900C79694 /* CanvasLayer.cpp in Sources */,
				FDE2132412E2A77300F59BC8 /* SessionManager.cpp in Sources */,
				FDE2133212E2A9BD00F59BC8 /* AssetManager.cpp in Sources */,
				FDE2133812E2B9A200F59BC8 /* ControllerManager.cpp in Sources */,
				FD5ECDC613220ED200730885 /* ofxGui.cpp in Sources */,
				FD5ECDC713220ED200730885 /* ofxGuiButton.cpp in Sources */,
				FD5ECDC913220ED200730885 /* ofxGuiEvents.cpp in Sources */,
				FD5ECDCD13220ED200730885 /* ofxGuiGlobals.cpp in Sources */,
				FD5ECDD113220ED200730885 /* ofxGuiObject.cpp in Sources */,
				FD5ECDD213220ED200730885 /* ofxGuiPanel.cpp in Sources */,
				FD5ECDD913220ED200730885 /* ofxKeyMap.cpp in Sources */,
				FD5ECE0C13220F7800730885 /* tinyxml.cpp in Sources */,
				FD5ECE0D13220F7800730885 /* tinyxmlerror.cpp in Sources */,
				FD5ECE0E13220F7800730885 /* tinyxmlparser.cpp in Sources */,
				FD5ECE0F13220F7800730885 /* ofxXmlSettings.cpp in Sources */,
				FD5ECE2213220F8D00730885 /* ofxMatrix3x3.cpp in Sources */,
				FD5ECE2313220F8D00730885 /* ofxMatrix4x4.cpp in Sources */,
				FD5ECE2413220F8D00730885 /* ofxQuaternion.cpp in Sources */,
				FD5ECE2E13220FAB00730885 /* ofxDirList.cpp in Sources */,
				FD5ECE561322121900730885 /* GuiManager.cpp in Sources */,
				FD5ECFA41322F59700730885 /* BaseMediaSource.cpp in Sources */,
				FD5ECFB91322FF8800730885 /* StreamSource.cpp in Sources */,
				FD5ECFBC1322FF9000730885 /* ImageSource.cpp in Sources */,
				FD5ECFBF1322FF9D00730885 /* VideoSource.cpp in Sources */,
				FD5ECFC21322FFB000730885 /* GrabberSource.cpp in Sources */,
				FD69215213247CE500109E3E /* CanvasLayerTransform.cpp in Sources */,
				FD69239C1324A93500109E3E /* ofxShader.cpp in Sources */,
				FD6928F6132554C500109E3E /* MyCustomControllerObject.cpp in Sources */,
				FD692947132587D000109E3E /* EffectsManager.cpp in Sources */,
				FD69295B13258CD600109E3E /* Samplers.cpp in Sources */,
				FD69296B1325905800109E3E /* CanvasGroup.cpp in Sources */,
				FD5DAE49132A9C4900AA32B5 /* ofxFenster.cpp in Sources */,
				FD5DAE4D132A9C6600AA32B5 /* ofxFbo.cpp in Sources */,
				FD5DAECF132AA9E100AA32B5 /* BaseMediaAsset.cpp in Sources */,
				FDE737C21354F3A80028EAD9 /* GrabberMediaAsset.cpp in Sources */,
				FDE737C51354F4750028EAD9 /* ImageMediaAsset.cpp in Sources */,
				FDE737C81354F4AC0028EAD9 /* VideoMediaAsset.cpp in Sources */,
				FDE737CB1354F4E50028EAD9 /* StreamingMediaAsset.cpp in Sources */,
			);
			runOnlyForDeploymentPostprocessing = 0;
		};
/* End PBXSourcesBuildPhase section */

/* Begin PBXTargetDependency section */
		E4C2422810CC54DA004149E2 /* PBXTargetDependency */ = {
			isa = PBXTargetDependency;
			name = openFrameworks;
			targetProxy = E4C2422710CC54DA004149E2 /* PBXContainerItemProxy */;
		};
/* End PBXTargetDependency section */

/* Begin XCBuildConfiguration section */
		E4B27CA010CBF8A600536013 /* ReleaseUniversal */ = {
			isa = XCBuildConfiguration;
			buildSettings = {
				ARCHS = (
					ppc,
					i386,
				);
				CONFIGURATION_BUILD_DIR = "$(SRCROOT)/bin/";
				COPY_PHASE_STRIP = YES;
				DEAD_CODE_STRIPPING = YES;
				GCC_AUTO_VECTORIZATION = YES;
				GCC_ENABLE_SSE3_EXTENSIONS = YES;
				GCC_ENABLE_SUPPLEMENTAL_SSE3_INSTRUCTIONS = YES;
				GCC_INLINES_ARE_PRIVATE_EXTERN = NO;
				GCC_MODEL_TUNING = G5;
				GCC_OPTIMIZATION_LEVEL = 3;
				GCC_SYMBOLS_PRIVATE_EXTERN = NO;
				GCC_UNROLL_LOOPS = YES;
				GCC_WARN_ABOUT_DEPRECATED_FUNCTIONS = NO;
				GCC_WARN_ABOUT_INVALID_OFFSETOF_MACRO = NO;
				GCC_WARN_ALLOW_INCOMPLETE_PROTOCOL = NO;
				GCC_WARN_UNINITIALIZED_AUTOS = NO;
				GCC_WARN_UNUSED_VALUE = NO;
				GCC_WARN_UNUSED_VARIABLE = NO;
				HEADER_SEARCH_PATHS = (
					"../../../libs/openFrameworks/**",
					../../../libs/freetype/include/,
					../../../libs/freetype/include/freetype2,
					../../../libs/poco/include,
					../../../addons/,
				);
				OTHER_CPLUSPLUSFLAGS = (
					"-D__MACOSX_CORE__",
					"-lpthread",
				);
				OTHER_LDFLAGS = "";
			};
			name = ReleaseUniversal;
		};
		E4B27CA110CBF8A600536013 /* ReleaseUniversal */ = {
			isa = XCBuildConfiguration;
			buildSettings = {
				COPY_PHASE_STRIP = YES;
				FRAMEWORK_SEARCH_PATHS = (
					"$(inherited)",
					"$(FRAMEWORK_SEARCH_PATHS_QUOTED_FOR_TARGET_1)",
				);
				FRAMEWORK_SEARCH_PATHS_QUOTED_FOR_TARGET_1 = "\"$(SRCROOT)/../../../libs/glut/lib/osx\"";
				GCC_ENABLE_FIX_AND_CONTINUE = NO;
				GCC_GENERATE_DEBUGGING_SYMBOLS = NO;
				GCC_MODEL_TUNING = G4;
				GCC_PRECOMPILE_PREFIX_HEADER = YES;
				GCC_PREFIX_HEADER = "$(SYSTEM_LIBRARY_DIR)/Frameworks/Carbon.framework/Headers/Carbon.h";
				INFOPLIST_FILE = "openFrameworks-Info.plist";
				INSTALL_PATH = "$(HOME)/Applications";
				LIBRARY_SEARCH_PATHS = (
					"$(inherited)",
					"$(LIBRARY_SEARCH_PATHS_QUOTED_FOR_TARGET_1)",
					"$(LIBRARY_SEARCH_PATHS_QUOTED_FOR_TARGET_2)",
					"$(LIBRARY_SEARCH_PATHS_QUOTED_FOR_TARGET_3)",
					"$(LIBRARY_SEARCH_PATHS_QUOTED_FOR_TARGET_4)",
					"$(LIBRARY_SEARCH_PATHS_QUOTED_FOR_TARGET_5)",
					"$(LIBRARY_SEARCH_PATHS_QUOTED_FOR_TARGET_6)",
					"$(LIBRARY_SEARCH_PATHS_QUOTED_FOR_TARGET_7)",
					"$(LIBRARY_SEARCH_PATHS_QUOTED_FOR_TARGET_8)",
					"$(LIBRARY_SEARCH_PATHS_QUOTED_FOR_TARGET_9)",
					"$(LIBRARY_SEARCH_PATHS_QUOTED_FOR_TARGET_10)",
					"$(LIBRARY_SEARCH_PATHS_QUOTED_FOR_TARGET_11)",
					"$(LIBRARY_SEARCH_PATHS_QUOTED_FOR_TARGET_12)",
					"$(LIBRARY_SEARCH_PATHS_QUOTED_FOR_TARGET_13)",
					"$(LIBRARY_SEARCH_PATHS_QUOTED_FOR_TARGET_14)",
					"$(LIBRARY_SEARCH_PATHS_QUOTED_FOR_TARGET_15)",
					"$(LIBRARY_SEARCH_PATHS_QUOTED_FOR_TARGET_9)",
				);
				LIBRARY_SEARCH_PATHS_QUOTED_FOR_TARGET_1 = "\"$(SRCROOT)/../../../libs/freeimage/lib/osx\"";
				LIBRARY_SEARCH_PATHS_QUOTED_FOR_TARGET_11 = "\"$(SRCROOT)/../../../libs/poco/lib/osx\"";
				LIBRARY_SEARCH_PATHS_QUOTED_FOR_TARGET_12 = "\"$(SRCROOT)/../../../addons/ofxOpenCv/libs/opencv/lib/osx\"";
				LIBRARY_SEARCH_PATHS_QUOTED_FOR_TARGET_13 = "\"$(SRCROOT)/../../../addons/ofxOsc/libs/oscpack/lib/osx\"";
				LIBRARY_SEARCH_PATHS_QUOTED_FOR_TARGET_14 = "\"$(SRCROOT)/../../../libs/fmodex/lib/osx\"";
				LIBRARY_SEARCH_PATHS_QUOTED_FOR_TARGET_15 = "\"$(SRCROOT)/../../../libs/freetype/lib/osx\"";
				LIBRARY_SEARCH_PATHS_QUOTED_FOR_TARGET_2 = "\"$(SRCROOT)/../../../libs/fmodex/lib/osx\"";
				LIBRARY_SEARCH_PATHS_QUOTED_FOR_TARGET_3 = "\"$(SRCROOT)/../../../libs/freetype/lib/osx\"";
				LIBRARY_SEARCH_PATHS_QUOTED_FOR_TARGET_4 = "\"$(SRCROOT)/../../../libs/GLee/lib/osx\"";
				LIBRARY_SEARCH_PATHS_QUOTED_FOR_TARGET_5 = "\"$(SRCROOT)/../../../libs/poco/lib/osx\"";
				LIBRARY_SEARCH_PATHS_QUOTED_FOR_TARGET_6 = "\"$(SRCROOT)/../../../libs/rtAudio/lib/osx\"";
				LIBRARY_SEARCH_PATHS_QUOTED_FOR_TARGET_7 = "\"$(SRCROOT)/../../../addons/ofxOpenCv/libs/opencv/lib/osx\"";
				LIBRARY_SEARCH_PATHS_QUOTED_FOR_TARGET_8 = "\"$(SRCROOT)/../../../addons/ofxOsc/libs/oscpack/lib/osx\"";
				LIBRARY_SEARCH_PATHS_QUOTED_FOR_TARGET_9 = "\"$(SRCROOT)/../../../libs/FreeImage/lib/osx\"";
				PREBINDING = NO;
				PRODUCT_NAME = "$(TARGET_NAME)Universal";
				WRAPPER_EXTENSION = app;
				ZERO_LINK = NO;
			};
			name = ReleaseUniversal;
		};
		E4B69B4E0A3A1720003C02F2 /* Debug */ = {
			isa = XCBuildConfiguration;
			buildSettings = {
				ARCHS = "$(NATIVE_ARCH)";
				CONFIGURATION_BUILD_DIR = "$(SRCROOT)/bin/";
				COPY_PHASE_STRIP = NO;
				DEAD_CODE_STRIPPING = YES;
				GCC_AUTO_VECTORIZATION = YES;
				GCC_ENABLE_SSE3_EXTENSIONS = YES;
				GCC_ENABLE_SUPPLEMENTAL_SSE3_INSTRUCTIONS = YES;
				GCC_INLINES_ARE_PRIVATE_EXTERN = NO;
				GCC_MODEL_TUNING = G5;
				GCC_SYMBOLS_PRIVATE_EXTERN = NO;
				GCC_WARN_ABOUT_DEPRECATED_FUNCTIONS = NO;
				GCC_WARN_ABOUT_INVALID_OFFSETOF_MACRO = NO;
				GCC_WARN_ALLOW_INCOMPLETE_PROTOCOL = NO;
				GCC_WARN_UNINITIALIZED_AUTOS = NO;
				GCC_WARN_UNUSED_VALUE = NO;
				GCC_WARN_UNUSED_VARIABLE = NO;
				HEADER_SEARCH_PATHS = (
					"../../../libs/openFrameworks/**",
					../../../libs/freetype/include/,
					../../../libs/freetype/include/freetype2,
					../../../libs/poco/include,
					../../../addons/,
				);
				OTHER_CPLUSPLUSFLAGS = (
					"-D__MACOSX_CORE__",
					"-lpthread",
				);
				OTHER_LDFLAGS = "";
			};
			name = Debug;
		};
		E4B69B4F0A3A1720003C02F2 /* Release */ = {
			isa = XCBuildConfiguration;
			buildSettings = {
				ARCHS = "$(NATIVE_ARCH)";
				CONFIGURATION_BUILD_DIR = "$(SRCROOT)/bin/";
				COPY_PHASE_STRIP = YES;
				DEAD_CODE_STRIPPING = YES;
				GCC_AUTO_VECTORIZATION = YES;
				GCC_ENABLE_SSE3_EXTENSIONS = YES;
				GCC_ENABLE_SUPPLEMENTAL_SSE3_INSTRUCTIONS = YES;
				GCC_INLINES_ARE_PRIVATE_EXTERN = NO;
				GCC_MODEL_TUNING = G5;
				GCC_OPTIMIZATION_LEVEL = 3;
				GCC_SYMBOLS_PRIVATE_EXTERN = NO;
				GCC_UNROLL_LOOPS = YES;
				GCC_WARN_ABOUT_DEPRECATED_FUNCTIONS = NO;
				GCC_WARN_ABOUT_INVALID_OFFSETOF_MACRO = NO;
				GCC_WARN_ALLOW_INCOMPLETE_PROTOCOL = NO;
				GCC_WARN_UNINITIALIZED_AUTOS = NO;
				GCC_WARN_UNUSED_VALUE = NO;
				GCC_WARN_UNUSED_VARIABLE = NO;
				HEADER_SEARCH_PATHS = (
					"../../../libs/openFrameworks/**",
					../../../libs/freetype/include/,
					../../../libs/freetype/include/freetype2,
					../../../libs/poco/include,
					../../../addons/,
				);
				OTHER_CPLUSPLUSFLAGS = (
					"-D__MACOSX_CORE__",
					"-lpthread",
				);
				OTHER_LDFLAGS = "";
			};
			name = Release;
		};
		E4B69B600A3A1757003C02F2 /* Debug */ = {
			isa = XCBuildConfiguration;
			buildSettings = {
				COPY_PHASE_STRIP = NO;
				FRAMEWORK_SEARCH_PATHS = (
					"$(inherited)",
					"$(FRAMEWORK_SEARCH_PATHS_QUOTED_FOR_TARGET_1)",
				);
				FRAMEWORK_SEARCH_PATHS_QUOTED_FOR_TARGET_1 = "\"$(SRCROOT)/../../../libs/glut/lib/osx\"";
				GCC_DYNAMIC_NO_PIC = NO;
				GCC_ENABLE_FIX_AND_CONTINUE = YES;
				GCC_GENERATE_DEBUGGING_SYMBOLS = YES;
				GCC_MODEL_TUNING = G4;
				GCC_OPTIMIZATION_LEVEL = 0;
				GCC_PRECOMPILE_PREFIX_HEADER = YES;
				GCC_PREFIX_HEADER = "$(SYSTEM_LIBRARY_DIR)/Frameworks/Carbon.framework/Headers/Carbon.h";
				INFOPLIST_FILE = "openFrameworks-Info.plist";
				INSTALL_PATH = "$(HOME)/Applications";
				LIBRARY_SEARCH_PATHS = (
					"$(inherited)",
					"$(LIBRARY_SEARCH_PATHS_QUOTED_FOR_TARGET_1)",
					"$(LIBRARY_SEARCH_PATHS_QUOTED_FOR_TARGET_2)",
					"$(LIBRARY_SEARCH_PATHS_QUOTED_FOR_TARGET_3)",
					"$(LIBRARY_SEARCH_PATHS_QUOTED_FOR_TARGET_4)",
					"$(LIBRARY_SEARCH_PATHS_QUOTED_FOR_TARGET_5)",
					"$(LIBRARY_SEARCH_PATHS_QUOTED_FOR_TARGET_6)",
					"$(LIBRARY_SEARCH_PATHS_QUOTED_FOR_TARGET_7)",
					"$(LIBRARY_SEARCH_PATHS_QUOTED_FOR_TARGET_8)",
					"$(LIBRARY_SEARCH_PATHS_QUOTED_FOR_TARGET_9)",
					"$(LIBRARY_SEARCH_PATHS_QUOTED_FOR_TARGET_10)",
					"$(LIBRARY_SEARCH_PATHS_QUOTED_FOR_TARGET_11)",
					"$(LIBRARY_SEARCH_PATHS_QUOTED_FOR_TARGET_12)",
					"$(LIBRARY_SEARCH_PATHS_QUOTED_FOR_TARGET_13)",
					"$(LIBRARY_SEARCH_PATHS_QUOTED_FOR_TARGET_14)",
					"$(LIBRARY_SEARCH_PATHS_QUOTED_FOR_TARGET_15)",
					"$(LIBRARY_SEARCH_PATHS_QUOTED_FOR_TARGET_9)",
				);
				LIBRARY_SEARCH_PATHS_QUOTED_FOR_TARGET_1 = "\"$(SRCROOT)/../../../libs/freeimage/lib/osx\"";
				LIBRARY_SEARCH_PATHS_QUOTED_FOR_TARGET_11 = "\"$(SRCROOT)/../../../libs/poco/lib/osx\"";
				LIBRARY_SEARCH_PATHS_QUOTED_FOR_TARGET_12 = "\"$(SRCROOT)/../../../addons/ofxOpenCv/libs/opencv/lib/osx\"";
				LIBRARY_SEARCH_PATHS_QUOTED_FOR_TARGET_13 = "\"$(SRCROOT)/../../../addons/ofxOsc/libs/oscpack/lib/osx\"";
				LIBRARY_SEARCH_PATHS_QUOTED_FOR_TARGET_14 = "\"$(SRCROOT)/../../../libs/fmodex/lib/osx\"";
				LIBRARY_SEARCH_PATHS_QUOTED_FOR_TARGET_15 = "\"$(SRCROOT)/../../../libs/freetype/lib/osx\"";
				LIBRARY_SEARCH_PATHS_QUOTED_FOR_TARGET_2 = "\"$(SRCROOT)/../../../libs/fmodex/lib/osx\"";
				LIBRARY_SEARCH_PATHS_QUOTED_FOR_TARGET_3 = "\"$(SRCROOT)/../../../libs/freetype/lib/osx\"";
				LIBRARY_SEARCH_PATHS_QUOTED_FOR_TARGET_4 = "\"$(SRCROOT)/../../../libs/GLee/lib/osx\"";
				LIBRARY_SEARCH_PATHS_QUOTED_FOR_TARGET_5 = "\"$(SRCROOT)/../../../libs/poco/lib/osx\"";
				LIBRARY_SEARCH_PATHS_QUOTED_FOR_TARGET_6 = "\"$(SRCROOT)/../../../libs/rtAudio/lib/osx\"";
				LIBRARY_SEARCH_PATHS_QUOTED_FOR_TARGET_7 = "\"$(SRCROOT)/../../../addons/ofxOpenCv/libs/opencv/lib/osx\"";
				LIBRARY_SEARCH_PATHS_QUOTED_FOR_TARGET_8 = "\"$(SRCROOT)/../../../addons/ofxOsc/libs/oscpack/lib/osx\"";
				LIBRARY_SEARCH_PATHS_QUOTED_FOR_TARGET_9 = "\"$(SRCROOT)/../../../libs/FreeImage/lib/osx\"";
				PREBINDING = NO;
				PRODUCT_NAME = "$(TARGET_NAME)Debug";
				WRAPPER_EXTENSION = app;
				ZERO_LINK = NO;
			};
			name = Debug;
		};
		E4B69B610A3A1757003C02F2 /* Release */ = {
			isa = XCBuildConfiguration;
			buildSettings = {
				COPY_PHASE_STRIP = YES;
				FRAMEWORK_SEARCH_PATHS = (
					"$(inherited)",
					"$(FRAMEWORK_SEARCH_PATHS_QUOTED_FOR_TARGET_1)",
				);
				FRAMEWORK_SEARCH_PATHS_QUOTED_FOR_TARGET_1 = "\"$(SRCROOT)/../../../libs/glut/lib/osx\"";
				GCC_ENABLE_FIX_AND_CONTINUE = NO;
				GCC_GENERATE_DEBUGGING_SYMBOLS = NO;
				GCC_MODEL_TUNING = G4;
				GCC_PRECOMPILE_PREFIX_HEADER = YES;
				GCC_PREFIX_HEADER = "$(SYSTEM_LIBRARY_DIR)/Frameworks/Carbon.framework/Headers/Carbon.h";
				INFOPLIST_FILE = "openFrameworks-Info.plist";
				INSTALL_PATH = "$(HOME)/Applications";
				LIBRARY_SEARCH_PATHS = (
					"$(inherited)",
					"$(LIBRARY_SEARCH_PATHS_QUOTED_FOR_TARGET_1)",
					"$(LIBRARY_SEARCH_PATHS_QUOTED_FOR_TARGET_2)",
					"$(LIBRARY_SEARCH_PATHS_QUOTED_FOR_TARGET_3)",
					"$(LIBRARY_SEARCH_PATHS_QUOTED_FOR_TARGET_4)",
					"$(LIBRARY_SEARCH_PATHS_QUOTED_FOR_TARGET_5)",
					"$(LIBRARY_SEARCH_PATHS_QUOTED_FOR_TARGET_6)",
					"$(LIBRARY_SEARCH_PATHS_QUOTED_FOR_TARGET_7)",
					"$(LIBRARY_SEARCH_PATHS_QUOTED_FOR_TARGET_8)",
					"$(LIBRARY_SEARCH_PATHS_QUOTED_FOR_TARGET_9)",
					"$(LIBRARY_SEARCH_PATHS_QUOTED_FOR_TARGET_10)",
					"$(LIBRARY_SEARCH_PATHS_QUOTED_FOR_TARGET_11)",
					"$(LIBRARY_SEARCH_PATHS_QUOTED_FOR_TARGET_12)",
					"$(LIBRARY_SEARCH_PATHS_QUOTED_FOR_TARGET_13)",
					"$(LIBRARY_SEARCH_PATHS_QUOTED_FOR_TARGET_14)",
					"$(LIBRARY_SEARCH_PATHS_QUOTED_FOR_TARGET_15)",
					"$(LIBRARY_SEARCH_PATHS_QUOTED_FOR_TARGET_9)",
				);
				LIBRARY_SEARCH_PATHS_QUOTED_FOR_TARGET_1 = "\"$(SRCROOT)/../../../libs/freeimage/lib/osx\"";
				LIBRARY_SEARCH_PATHS_QUOTED_FOR_TARGET_11 = "\"$(SRCROOT)/../../../libs/poco/lib/osx\"";
				LIBRARY_SEARCH_PATHS_QUOTED_FOR_TARGET_12 = "\"$(SRCROOT)/../../../addons/ofxOpenCv/libs/opencv/lib/osx\"";
				LIBRARY_SEARCH_PATHS_QUOTED_FOR_TARGET_13 = "\"$(SRCROOT)/../../../addons/ofxOsc/libs/oscpack/lib/osx\"";
				LIBRARY_SEARCH_PATHS_QUOTED_FOR_TARGET_14 = "\"$(SRCROOT)/../../../libs/fmodex/lib/osx\"";
				LIBRARY_SEARCH_PATHS_QUOTED_FOR_TARGET_15 = "\"$(SRCROOT)/../../../libs/freetype/lib/osx\"";
				LIBRARY_SEARCH_PATHS_QUOTED_FOR_TARGET_2 = "\"$(SRCROOT)/../../../libs/fmodex/lib/osx\"";
				LIBRARY_SEARCH_PATHS_QUOTED_FOR_TARGET_3 = "\"$(SRCROOT)/../../../libs/freetype/lib/osx\"";
				LIBRARY_SEARCH_PATHS_QUOTED_FOR_TARGET_4 = "\"$(SRCROOT)/../../../libs/GLee/lib/osx\"";
				LIBRARY_SEARCH_PATHS_QUOTED_FOR_TARGET_5 = "\"$(SRCROOT)/../../../libs/poco/lib/osx\"";
				LIBRARY_SEARCH_PATHS_QUOTED_FOR_TARGET_6 = "\"$(SRCROOT)/../../../libs/rtAudio/lib/osx\"";
				LIBRARY_SEARCH_PATHS_QUOTED_FOR_TARGET_7 = "\"$(SRCROOT)/../../../addons/ofxOpenCv/libs/opencv/lib/osx\"";
				LIBRARY_SEARCH_PATHS_QUOTED_FOR_TARGET_8 = "\"$(SRCROOT)/../../../addons/ofxOsc/libs/oscpack/lib/osx\"";
				LIBRARY_SEARCH_PATHS_QUOTED_FOR_TARGET_9 = "\"$(SRCROOT)/../../../libs/FreeImage/lib/osx\"";
				PREBINDING = NO;
				PRODUCT_NAME = "$(TARGET_NAME)";
				WRAPPER_EXTENSION = app;
				ZERO_LINK = NO;
			};
			name = Release;
		};
/* End XCBuildConfiguration section */

/* Begin XCConfigurationList section */
		E4B69B4D0A3A1720003C02F2 /* Build configuration list for PBXProject "livedraw" */ = {
			isa = XCConfigurationList;
			buildConfigurations = (
				E4B69B4E0A3A1720003C02F2 /* Debug */,
				E4B69B4F0A3A1720003C02F2 /* Release */,
				E4B27CA010CBF8A600536013 /* ReleaseUniversal */,
			);
			defaultConfigurationIsVisible = 0;
			defaultConfigurationName = Release;
		};
		E4B69B5F0A3A1757003C02F2 /* Build configuration list for PBXNativeTarget "livedraw" */ = {
			isa = XCConfigurationList;
			buildConfigurations = (
				E4B69B600A3A1757003C02F2 /* Debug */,
				E4B69B610A3A1757003C02F2 /* Release */,
				E4B27CA110CBF8A600536013 /* ReleaseUniversal */,
			);
			defaultConfigurationIsVisible = 0;
			defaultConfigurationName = Release;
		};
/* End XCConfigurationList section */
	};
	rootObject = E4B69B4C0A3A1720003C02F2 /* Project object */;
}
